// !$*UTF8*$!
{
	archiveVersion = 1;
	classes = {
	};
	objectVersion = 46;
	objects = {

/* Begin PBXBuildFile section */
		132AC2DF1802F15C00884E11 /* ControlsMenuViewi5.xib in Resources */ = {isa = PBXBuildFile; fileRef = 132AC2D71802F15C00884E11 /* ControlsMenuViewi5.xib */; };
		132AC2E01802F15C00884E11 /* CreditsMenuViewi5.xib in Resources */ = {isa = PBXBuildFile; fileRef = 132AC2D81802F15C00884E11 /* CreditsMenuViewi5.xib */; };
		132AC2E11802F15C00884E11 /* EpisodeMenuViewi5.xib in Resources */ = {isa = PBXBuildFile; fileRef = 132AC2D91802F15C00884E11 /* EpisodeMenuViewi5.xib */; };
		132AC2E21802F15C00884E11 /* LegalMenuViewi5.xib in Resources */ = {isa = PBXBuildFile; fileRef = 132AC2DA1802F15C00884E11 /* LegalMenuViewi5.xib */; };
		132AC2E31802F15C00884E11 /* MainMenuViewi5.xib in Resources */ = {isa = PBXBuildFile; fileRef = 132AC2DB1802F15C00884E11 /* MainMenuViewi5.xib */; };
		132AC2E41802F15C00884E11 /* MissionMenuViewi5.xib in Resources */ = {isa = PBXBuildFile; fileRef = 132AC2DC1802F15C00884E11 /* MissionMenuViewi5.xib */; };
		132AC2E51802F15C00884E11 /* OpenGLViewi5.xib in Resources */ = {isa = PBXBuildFile; fileRef = 132AC2DD1802F15C00884E11 /* OpenGLViewi5.xib */; };
		132AC2E61802F15C00884E11 /* SettingsMenuViewi5.xib in Resources */ = {isa = PBXBuildFile; fileRef = 132AC2DE1802F15C00884E11 /* SettingsMenuViewi5.xib */; };
		133F3E7017F21C8700A12635 /* MainNavController.m in Sources */ = {isa = PBXBuildFile; fileRef = 133F3E6F17F21C8700A12635 /* MainNavController.m */; };
		138FC9BB17F0813400D94C5F /* doom_wads.cpp in Sources */ = {isa = PBXBuildFile; fileRef = 138FC9B917F0813400D94C5F /* doom_wads.cpp */; };
		138FC9C917F216C300D94C5F /* base.iPack in Resources */ = {isa = PBXBuildFile; fileRef = 138FC9C617F2165D00D94C5F /* base.iPack */; };
		138FC9CA17F216C300D94C5F /* DOOM.WAD in Resources */ = {isa = PBXBuildFile; fileRef = 138FC9C717F2165D00D94C5F /* DOOM.WAD */; };
		138FC9CB17F216C300D94C5F /* prboom.wad in Resources */ = {isa = PBXBuildFile; fileRef = 138FC9C817F2165D00D94C5F /* prboom.wad */; };
		1391CE151882E5A30049671C /* libidmobilelib.a in Frameworks */ = {isa = PBXBuildFile; fileRef = 1391CE141882E5A30049671C /* libidmobilelib.a */; };
		1391CE171882E5F40049671C /* libprboom.a in Frameworks */ = {isa = PBXBuildFile; fileRef = 1391CE161882E5F40049671C /* libprboom.a */; };
		13E3CC5F17F236840075D40A /* GameKit.framework in Frameworks */ = {isa = PBXBuildFile; fileRef = 13E3CC5E17F236840075D40A /* GameKit.framework */; };
		1D60589B0D05DD56006BFB54 /* main.m in Sources */ = {isa = PBXBuildFile; fileRef = 29B97316FDCFA39411CA2CEA /* main.m */; };
		3DF31FA3148C336400C66CD7 /* libdoomengine.a in Frameworks */ = {isa = PBXBuildFile; fileRef = 3DF31F8A148C30F100C66CD7 /* libdoomengine.a */; };
		4333CCE80F5CC23E00AE2B6F /* AudioToolbox.framework in Frameworks */ = {isa = PBXBuildFile; fileRef = 4333CCE70F5CC23E00AE2B6F /* AudioToolbox.framework */; };
		4364BF3F0F5CB25900F29317 /* dist.plist in Resources */ = {isa = PBXBuildFile; fileRef = 4364BF3E0F5CB25900F29317 /* dist.plist */; };
		43E8D4E00F51B48B003F09B2 /* OpenAL.framework in Frameworks */ = {isa = PBXBuildFile; fileRef = 43E8D4DF0F51B48B003F09B2 /* OpenAL.framework */; };
		720EBBAE0F82E0BB003F989A /* QuartzCore.framework in Frameworks */ = {isa = PBXBuildFile; fileRef = 720EBBAD0F82E0BB003F989A /* QuartzCore.framework */; };
		C8012E5114B5122700B0E213 /* MainMenuViewController.mm in Sources */ = {isa = PBXBuildFile; fileRef = C8012E4F14B5122700B0E213 /* MainMenuViewController.mm */; };
		C8012E5214B5122700B0E213 /* MainMenuView.xib in Resources */ = {isa = PBXBuildFile; fileRef = C8012E5014B5122700B0E213 /* MainMenuView.xib */; };
		C8012E6E14B6389B00B0E213 /* EpisodeMenuViewController.mm in Sources */ = {isa = PBXBuildFile; fileRef = C8012E6C14B6389B00B0E213 /* EpisodeMenuViewController.mm */; };
		C8012E6F14B6389B00B0E213 /* EpisodeMenuView.xib in Resources */ = {isa = PBXBuildFile; fileRef = C8012E6D14B6389B00B0E213 /* EpisodeMenuView.xib */; };
		C8012E7414B646BD00B0E213 /* OpenGLView.xib in Resources */ = {isa = PBXBuildFile; fileRef = C8012E7214B646BD00B0E213 /* OpenGLView.xib */; };
		C8012E7814B649DB00B0E213 /* CreditsMenuViewController.mm in Sources */ = {isa = PBXBuildFile; fileRef = C8012E7614B649DA00B0E213 /* CreditsMenuViewController.mm */; };
		C8012E7914B649DB00B0E213 /* CreditsMenuView.xib in Resources */ = {isa = PBXBuildFile; fileRef = C8012E7714B649DA00B0E213 /* CreditsMenuView.xib */; };
		C8012E7D14B6704500B0E213 /* ControlsMenuViewController.mm in Sources */ = {isa = PBXBuildFile; fileRef = C8012E7B14B6704400B0E213 /* ControlsMenuViewController.mm */; };
		C8012E7E14B6704500B0E213 /* ControlsMenuView.xib in Resources */ = {isa = PBXBuildFile; fileRef = C8012E7C14B6704400B0E213 /* ControlsMenuView.xib */; };
		C8012E8214B6709C00B0E213 /* SettingsMenuViewController.mm in Sources */ = {isa = PBXBuildFile; fileRef = C8012E8014B6709B00B0E213 /* SettingsMenuViewController.mm */; };
		C8012E8314B6709C00B0E213 /* SettingsMenuView.xib in Resources */ = {isa = PBXBuildFile; fileRef = C8012E8114B6709C00B0E213 /* SettingsMenuView.xib */; };
		C8012E8714B6722B00B0E213 /* LegalMenuViewController.mm in Sources */ = {isa = PBXBuildFile; fileRef = C8012E8514B6722900B0E213 /* LegalMenuViewController.mm */; };
		C8012E8814B6722B00B0E213 /* LegalMenuView.xib in Resources */ = {isa = PBXBuildFile; fileRef = C8012E8614B6722A00B0E213 /* LegalMenuView.xib */; };
		C8012E8D14B6750D00B0E213 /* MissionMenuViewController.mm in Sources */ = {isa = PBXBuildFile; fileRef = C8012E8B14B6750A00B0E213 /* MissionMenuViewController.mm */; };
		C8012E8E14B6750D00B0E213 /* MissionMenuView.xib in Resources */ = {isa = PBXBuildFile; fileRef = C8012E8C14B6750B00B0E213 /* MissionMenuView.xib */; };
		C86CA86414B4FF2B0057FF54 /* Doom_App.m in Sources */ = {isa = PBXBuildFile; fileRef = C86CA86314B4FF2B0057FF54 /* Doom_App.m */; };
		C8AEB0DD1A7AD73500A5ED1B /* GameController.framework in Frameworks */ = {isa = PBXBuildFile; fileRef = C8AEB0DC1A7AD73500A5ED1B /* GameController.framework */; };
		C8DB8A5914BB88AC0006467C /* ControlsMenuView~ipad.xib in Resources */ = {isa = PBXBuildFile; fileRef = C8DB8A5114BB88AC0006467C /* ControlsMenuView~ipad.xib */; };
		C8DB8A5A14BB88AC0006467C /* CreditsMenuView~ipad.xib in Resources */ = {isa = PBXBuildFile; fileRef = C8DB8A5214BB88AC0006467C /* CreditsMenuView~ipad.xib */; };
		C8DB8A5B14BB88AC0006467C /* EpisodeMenuView~ipad.xib in Resources */ = {isa = PBXBuildFile; fileRef = C8DB8A5314BB88AC0006467C /* EpisodeMenuView~ipad.xib */; };
		C8DB8A5C14BB88AC0006467C /* LegalMenuView~ipad.xib in Resources */ = {isa = PBXBuildFile; fileRef = C8DB8A5414BB88AC0006467C /* LegalMenuView~ipad.xib */; };
		C8DB8A5D14BB88AC0006467C /* MainMenuView~ipad.xib in Resources */ = {isa = PBXBuildFile; fileRef = C8DB8A5514BB88AC0006467C /* MainMenuView~ipad.xib */; };
		C8DB8A5E14BB88AC0006467C /* MissionMenuView~ipad.xib in Resources */ = {isa = PBXBuildFile; fileRef = C8DB8A5614BB88AC0006467C /* MissionMenuView~ipad.xib */; };
		C8DB8A5F14BB88AC0006467C /* OpenGLView~ipad.xib in Resources */ = {isa = PBXBuildFile; fileRef = C8DB8A5714BB88AC0006467C /* OpenGLView~ipad.xib */; };
		C8DB8A6014BB88AC0006467C /* SettingsMenuView~ipad.xib in Resources */ = {isa = PBXBuildFile; fileRef = C8DB8A5814BB88AC0006467C /* SettingsMenuView~ipad.xib */; };
		D217F8741ABD3BEC00AA4A36 /* GameMenuView~ipad.xib in Resources */ = {isa = PBXBuildFile; fileRef = D217F8731ABD3BEC00AA4A36 /* GameMenuView~ipad.xib */; };
		D217F8821ABE953C00AA4A36 /* GameMenuView.xib in Resources */ = {isa = PBXBuildFile; fileRef = D217F8811ABE953C00AA4A36 /* GameMenuView.xib */; };
		D250C9991ABCAB8900355330 /* GameMenuViewi5.xib in Resources */ = {isa = PBXBuildFile; fileRef = D250C9981ABCAB8900355330 /* GameMenuViewi5.xib */; };
		D250C99B1ABCAD6600355330 /* GameMenuViewController.mm in Sources */ = {isa = PBXBuildFile; fileRef = D250C99A1ABCAD6600355330 /* GameMenuViewController.mm */; };
		D250C9A91ABD893D00355330 /* DOOM2.WAD in Resources */ = {isa = PBXBuildFile; fileRef = D250C9A81ABD893D00355330 /* DOOM2.WAD */; };
		D250C9AC1ABD896700355330 /* PLUTONIA.WAD in Resources */ = {isa = PBXBuildFile; fileRef = D250C9AA1ABD896700355330 /* PLUTONIA.WAD */; };
		D250C9AD1ABD896700355330 /* TNT.WAD in Resources */ = {isa = PBXBuildFile; fileRef = D250C9AB1ABD896700355330 /* TNT.WAD */; };
		D2A788131ABC331500947D31 /* Localizable.strings in Resources */ = {isa = PBXBuildFile; fileRef = D2A788051ABC331500947D31 /* Localizable.strings */; };
		D2A788141ABC331500947D31 /* Localizable.strings in Resources */ = {isa = PBXBuildFile; fileRef = D2A788081ABC331500947D31 /* Localizable.strings */; };
		D2A788151ABC331500947D31 /* Localizable.strings in Resources */ = {isa = PBXBuildFile; fileRef = D2A7880B1ABC331500947D31 /* Localizable.strings */; };
		D2A788161ABC331500947D31 /* Localizable.strings in Resources */ = {isa = PBXBuildFile; fileRef = D2A7880E1ABC331500947D31 /* Localizable.strings */; };
		D2A788171ABC331500947D31 /* Localizable.strings in Resources */ = {isa = PBXBuildFile; fileRef = D2A788111ABC331500947D31 /* Localizable.strings */; };
		D2B96EBD1ABC268C00179F75 /* AdvancedButton_Highlighted.png in Resources */ = {isa = PBXBuildFile; fileRef = D2B96E801ABC268C00179F75 /* AdvancedButton_Highlighted.png */; };
		D2B96EBF1ABC268C00179F75 /* AdvancedButton.png in Resources */ = {isa = PBXBuildFile; fileRef = D2B96E821ABC268C00179F75 /* AdvancedButton.png */; };
		D2B96EC01ABC268C00179F75 /* BackButton_Highlighted.png in Resources */ = {isa = PBXBuildFile; fileRef = D2B96E831ABC268C00179F75 /* BackButton_Highlighted.png */; };
		D2B96EC11ABC268C00179F75 /* BackButton.png in Resources */ = {isa = PBXBuildFile; fileRef = D2B96E841ABC268C00179F75 /* BackButton.png */; };
		D2B96EC21ABC268C00179F75 /* Button_Highlighted.png in Resources */ = {isa = PBXBuildFile; fileRef = D2B96E851ABC268C00179F75 /* Button_Highlighted.png */; };
		D2B96EC31ABC268C00179F75 /* Button.png in Resources */ = {isa = PBXBuildFile; fileRef = D2B96E861ABC268C00179F75 /* Button.png */; };
		D2B96EC41ABC268C00179F75 /* Default-568h@2x.png in Resources */ = {isa = PBXBuildFile; fileRef = D2B96E871ABC268C00179F75 /* Default-568h@2x.png */; };
		D2B96EC51ABC268C00179F75 /* Default-Landscape~ipad.png in Resources */ = {isa = PBXBuildFile; fileRef = D2B96E881ABC268C00179F75 /* Default-Landscape~ipad.png */; };
		D2B96EC61ABC268C00179F75 /* Default-Portrait~ipad.png in Resources */ = {isa = PBXBuildFile; fileRef = D2B96E891ABC268C00179F75 /* Default-Portrait~ipad.png */; };
		D2B96EC71ABC268C00179F75 /* Default.png in Resources */ = {isa = PBXBuildFile; fileRef = D2B96E8A1ABC268C00179F75 /* Default.png */; };
		D2B96EC81ABC268C00179F75 /* Default@2x.png in Resources */ = {isa = PBXBuildFile; fileRef = D2B96E8B1ABC268C00179F75 /* Default@2x.png */; };
		D2B96EC91ABC268C00179F75 /* Default~ipad.png in Resources */ = {isa = PBXBuildFile; fileRef = D2B96E8C1ABC268C00179F75 /* Default~ipad.png */; };
		D2B96ECA1ABC268C00179F75 /* DifficultyBackground.png in Resources */ = {isa = PBXBuildFile; fileRef = D2B96E8D1ABC268C00179F75 /* DifficultyBackground.png */; };
		D2B96ECB1ABC268C00179F75 /* Divide.png in Resources */ = {isa = PBXBuildFile; fileRef = D2B96E8E1ABC268C00179F75 /* Divide.png */; };
		D2B96ECC1ABC268C00179F75 /* DOOM_57.png in Resources */ = {isa = PBXBuildFile; fileRef = D2B96E8F1ABC268C00179F75 /* DOOM_57.png */; };
		D2B96ECD1ABC268C00179F75 /* DOOM_72.png in Resources */ = {isa = PBXBuildFile; fileRef = D2B96E901ABC268C00179F75 /* DOOM_72.png */; };
		D2B96ECE1ABC268C00179F75 /* DOOM_76.png in Resources */ = {isa = PBXBuildFile; fileRef = D2B96E911ABC268C00179F75 /* DOOM_76.png */; };
		D2B96ECF1ABC268C00179F75 /* DOOM_114.png in Resources */ = {isa = PBXBuildFile; fileRef = D2B96E921ABC268C00179F75 /* DOOM_114.png */; };
		D2B96ED01ABC268C00179F75 /* DOOM_120.png in Resources */ = {isa = PBXBuildFile; fileRef = D2B96E931ABC268C00179F75 /* DOOM_120.png */; };
		D2B96ED11ABC268C00179F75 /* DOOM_144.png in Resources */ = {isa = PBXBuildFile; fileRef = D2B96E941ABC268C00179F75 /* DOOM_144.png */; };
		D2B96ED21ABC268C00179F75 /* DOOM_152.png in Resources */ = {isa = PBXBuildFile; fileRef = D2B96E951ABC268C00179F75 /* DOOM_152.png */; };
		D2B96ED31ABC268C00179F75 /* DOOM_sigil_decal.png in Resources */ = {isa = PBXBuildFile; fileRef = D2B96E961ABC268C00179F75 /* DOOM_sigil_decal.png */; };
		D2B96ED41ABC268C00179F75 /* DoomLogo.png in Resources */ = {isa = PBXBuildFile; fileRef = D2B96E971ABC268C00179F75 /* DoomLogo.png */; };
		D2B96ED51ABC268C00179F75 /* DownArrow_Highlighted.png in Resources */ = {isa = PBXBuildFile; fileRef = D2B96E981ABC268C00179F75 /* DownArrow_Highlighted.png */; };
		D2B96ED61ABC268C00179F75 /* DownArrow.png in Resources */ = {isa = PBXBuildFile; fileRef = D2B96E991ABC268C00179F75 /* DownArrow.png */; };
		D2B96ED71ABC268C00179F75 /* Easy.png in Resources */ = {isa = PBXBuildFile; fileRef = D2B96E9A1ABC268C00179F75 /* Easy.png */; };
		D2B96ED81ABC268C00179F75 /* Episode1Background_Highlighted.png in Resources */ = {isa = PBXBuildFile; fileRef = D2B96E9B1ABC268C00179F75 /* Episode1Background_Highlighted.png */; };
		D2B96ED91ABC268C00179F75 /* Episode1Background.png in Resources */ = {isa = PBXBuildFile; fileRef = D2B96E9C1ABC268C00179F75 /* Episode1Background.png */; };
		D2B96EDA1ABC268C00179F75 /* Episode2Background_Highlighted.png in Resources */ = {isa = PBXBuildFile; fileRef = D2B96E9D1ABC268C00179F75 /* Episode2Background_Highlighted.png */; };
		D2B96EDB1ABC268C00179F75 /* Episode2Background.png in Resources */ = {isa = PBXBuildFile; fileRef = D2B96E9E1ABC268C00179F75 /* Episode2Background.png */; };
		D2B96EDC1ABC268C00179F75 /* Episode3Background_Highlighted.png in Resources */ = {isa = PBXBuildFile; fileRef = D2B96E9F1ABC268C00179F75 /* Episode3Background_Highlighted.png */; };
		D2B96EDD1ABC268C00179F75 /* Episode3Background.png in Resources */ = {isa = PBXBuildFile; fileRef = D2B96EA01ABC268C00179F75 /* Episode3Background.png */; };
		D2B96EDE1ABC268C00179F75 /* Episode4Background_Highlighted.png in Resources */ = {isa = PBXBuildFile; fileRef = D2B96EA11ABC268C00179F75 /* Episode4Background_Highlighted.png */; };
		D2B96EDF1ABC268C00179F75 /* Episode4Background.png in Resources */ = {isa = PBXBuildFile; fileRef = D2B96EA21ABC268C00179F75 /* Episode4Background.png */; };
		D2B96EE01ABC268C00179F75 /* Hard.png in Resources */ = {isa = PBXBuildFile; fileRef = D2B96EA31ABC268C00179F75 /* Hard.png */; };
		D2B96EE11ABC268C00179F75 /* LayoutDualButton_Highlighted.png in Resources */ = {isa = PBXBuildFile; fileRef = D2B96EA41ABC268C00179F75 /* LayoutDualButton_Highlighted.png */; };
		D2B96EE21ABC268C00179F75 /* LayoutDualButton.png in Resources */ = {isa = PBXBuildFile; fileRef = D2B96EA51ABC268C00179F75 /* LayoutDualButton.png */; };
		D2B96EE31ABC268C00179F75 /* LayoutSingleButton_Highlighted.png in Resources */ = {isa = PBXBuildFile; fileRef = D2B96EA61ABC268C00179F75 /* LayoutSingleButton_Highlighted.png */; };
		D2B96EE41ABC268C00179F75 /* LayoutSingleButton.png in Resources */ = {isa = PBXBuildFile; fileRef = D2B96EA71ABC268C00179F75 /* LayoutSingleButton.png */; };
		D2B96EE51ABC268C00179F75 /* LayoutWheelButton_Highlighted.png in Resources */ = {isa = PBXBuildFile; fileRef = D2B96EA81ABC268C00179F75 /* LayoutWheelButton_Highlighted.png */; };
		D2B96EE61ABC268C00179F75 /* LayoutWheelButton.png in Resources */ = {isa = PBXBuildFile; fileRef = D2B96EA91ABC268C00179F75 /* LayoutWheelButton.png */; };
		D2B96EE71ABC268C00179F75 /* MapOverlay.png in Resources */ = {isa = PBXBuildFile; fileRef = D2B96EAA1ABC268C00179F75 /* MapOverlay.png */; };
		D2B96EE81ABC268C00179F75 /* Medium.png in Resources */ = {isa = PBXBuildFile; fileRef = D2B96EAB1ABC268C00179F75 /* Medium.png */; };
		D2B96EE91ABC268C00179F75 /* MenuBackground.png in Resources */ = {isa = PBXBuildFile; fileRef = D2B96EAC1ABC268C00179F75 /* MenuBackground.png */; };
		D2B96EEA1ABC268C00179F75 /* MissonBackground.png in Resources */ = {isa = PBXBuildFile; fileRef = D2B96EAD1ABC268C00179F75 /* MissonBackground.png */; };
		D2B96EEB1ABC268C00179F75 /* NextButton_Highlighted.png in Resources */ = {isa = PBXBuildFile; fileRef = D2B96EAE1ABC268C00179F75 /* NextButton_Highlighted.png */; };
		D2B96EEC1ABC268C00179F75 /* NextButton.png in Resources */ = {isa = PBXBuildFile; fileRef = D2B96EAF1ABC268C00179F75 /* NextButton.png */; };
		D2B96EED1ABC268C00179F75 /* Nightmare.png in Resources */ = {isa = PBXBuildFile; fileRef = D2B96EB01ABC268C00179F75 /* Nightmare.png */; };
		D2B96EEE1ABC268C00179F75 /* ResumeButton.png in Resources */ = {isa = PBXBuildFile; fileRef = D2B96EB11ABC268C00179F75 /* ResumeButton.png */; };
		D2B96EEF1ABC268C00179F75 /* SelectedBracket.png in Resources */ = {isa = PBXBuildFile; fileRef = D2B96EB21ABC268C00179F75 /* SelectedBracket.png */; };
		D2B96EF01ABC268C00179F75 /* SettingsButton_Highlighted.png in Resources */ = {isa = PBXBuildFile; fileRef = D2B96EB31ABC268C00179F75 /* SettingsButton_Highlighted.png */; };
		D2B96EF11ABC268C00179F75 /* SettingsButton.png in Resources */ = {isa = PBXBuildFile; fileRef = D2B96EB41ABC268C00179F75 /* SettingsButton.png */; };
		D2B96EF21ABC268C00179F75 /* SliderSkull.png in Resources */ = {isa = PBXBuildFile; fileRef = D2B96EB51ABC268C00179F75 /* SliderSkull.png */; };
		D2B96EF31ABC268C00179F75 /* SliderSkull@2x.png in Resources */ = {isa = PBXBuildFile; fileRef = D2B96EB61ABC268C00179F75 /* SliderSkull@2x.png */; };
		D2B96EF41ABC268C00179F75 /* SliderSkull~ipad.png in Resources */ = {isa = PBXBuildFile; fileRef = D2B96EB71ABC268C00179F75 /* SliderSkull~ipad.png */; };
		D2B96EF51ABC268C00179F75 /* SubMenuBackground.png in Resources */ = {isa = PBXBuildFile; fileRef = D2B96EB81ABC268C00179F75 /* SubMenuBackground.png */; };
		D2B96EF61ABC268C00179F75 /* SubMenuButton_Highlighted.png in Resources */ = {isa = PBXBuildFile; fileRef = D2B96EB91ABC268C00179F75 /* SubMenuButton_Highlighted.png */; };
		D2B96EF71ABC268C00179F75 /* SubMenuButton.png in Resources */ = {isa = PBXBuildFile; fileRef = D2B96EBA1ABC268C00179F75 /* SubMenuButton.png */; };
		D2B96EF81ABC268C00179F75 /* UpArrow_Highlighted.png in Resources */ = {isa = PBXBuildFile; fileRef = D2B96EBB1ABC268C00179F75 /* UpArrow_Highlighted.png */; };
		D2B96EF91ABC268C00179F75 /* UpArrow.png in Resources */ = {isa = PBXBuildFile; fileRef = D2B96EBC1ABC268C00179F75 /* UpArrow.png */; };
		D2B96EFB1ABC26D700179F75 /* idGinzaNar-Md2.otf in Resources */ = {isa = PBXBuildFile; fileRef = D2B96EFA1ABC26D700179F75 /* idGinzaNar-Md2.otf */; };
		EDD2760511C2B19E004A9B9B /* CoreGraphics.framework in Frameworks */ = {isa = PBXBuildFile; fileRef = EDD2760411C2B19E004A9B9B /* CoreGraphics.framework */; };
		EDD2760711C2B19E004A9B9B /* Foundation.framework in Frameworks */ = {isa = PBXBuildFile; fileRef = EDD2760611C2B19E004A9B9B /* Foundation.framework */; };
		EDD2760911C2B19E004A9B9B /* OpenGLES.framework in Frameworks */ = {isa = PBXBuildFile; fileRef = EDD2760811C2B19E004A9B9B /* OpenGLES.framework */; };
		EDD2760B11C2B19E004A9B9B /* UIKit.framework in Frameworks */ = {isa = PBXBuildFile; fileRef = EDD2760A11C2B19E004A9B9B /* UIKit.framework */; };
/* End PBXBuildFile section */

/* Begin PBXContainerItemProxy section */
		3DACFC1B148C591500EB17BA /* PBXContainerItemProxy */ = {
			isa = PBXContainerItemProxy;
			containerPortal = 3DF31F85148C30F100C66CD7 /* doomengine.xcodeproj */;
			proxyType = 1;
			remoteGlobalIDString = 3DE694381489AFDE0049CAA4;
			remoteInfo = doomengine;
		};
		3DF31F89148C30F100C66CD7 /* PBXContainerItemProxy */ = {
			isa = PBXContainerItemProxy;
			containerPortal = 3DF31F85148C30F100C66CD7 /* doomengine.xcodeproj */;
			proxyType = 2;
			remoteGlobalIDString = 3DE694391489AFDE0049CAA4;
			remoteInfo = doomengine;
		};
/* End PBXContainerItemProxy section */

/* Begin PBXFileReference section */
		132AC2D71802F15C00884E11 /* ControlsMenuViewi5.xib */ = {isa = PBXFileReference; fileEncoding = 4; lastKnownFileType = file.xib; path = ControlsMenuViewi5.xib; sourceTree = "<group>"; };
		132AC2D81802F15C00884E11 /* CreditsMenuViewi5.xib */ = {isa = PBXFileReference; fileEncoding = 4; lastKnownFileType = file.xib; path = CreditsMenuViewi5.xib; sourceTree = "<group>"; };
		132AC2D91802F15C00884E11 /* EpisodeMenuViewi5.xib */ = {isa = PBXFileReference; fileEncoding = 4; lastKnownFileType = file.xib; path = EpisodeMenuViewi5.xib; sourceTree = "<group>"; };
		132AC2DA1802F15C00884E11 /* LegalMenuViewi5.xib */ = {isa = PBXFileReference; fileEncoding = 4; lastKnownFileType = file.xib; path = LegalMenuViewi5.xib; sourceTree = "<group>"; };
		132AC2DB1802F15C00884E11 /* MainMenuViewi5.xib */ = {isa = PBXFileReference; fileEncoding = 4; lastKnownFileType = file.xib; path = MainMenuViewi5.xib; sourceTree = "<group>"; };
		132AC2DC1802F15C00884E11 /* MissionMenuViewi5.xib */ = {isa = PBXFileReference; fileEncoding = 4; lastKnownFileType = file.xib; path = MissionMenuViewi5.xib; sourceTree = "<group>"; };
		132AC2DD1802F15C00884E11 /* OpenGLViewi5.xib */ = {isa = PBXFileReference; fileEncoding = 4; lastKnownFileType = file.xib; path = OpenGLViewi5.xib; sourceTree = "<group>"; };
		132AC2DE1802F15C00884E11 /* SettingsMenuViewi5.xib */ = {isa = PBXFileReference; fileEncoding = 4; lastKnownFileType = file.xib; path = SettingsMenuViewi5.xib; sourceTree = "<group>"; };
		133F3E6E17F21C8700A12635 /* MainNavController.h */ = {isa = PBXFileReference; fileEncoding = 4; lastKnownFileType = sourcecode.c.h; path = MainNavController.h; sourceTree = "<group>"; };
		133F3E6F17F21C8700A12635 /* MainNavController.m */ = {isa = PBXFileReference; fileEncoding = 4; lastKnownFileType = sourcecode.c.objc; path = MainNavController.m; sourceTree = "<group>"; };
		138FC9B917F0813400D94C5F /* doom_wads.cpp */ = {isa = PBXFileReference; fileEncoding = 4; lastKnownFileType = sourcecode.cpp.cpp; path = doom_wads.cpp; sourceTree = "<group>"; };
		138FC9BA17F0813400D94C5F /* doom_wads.h */ = {isa = PBXFileReference; fileEncoding = 4; lastKnownFileType = sourcecode.c.h; path = doom_wads.h; sourceTree = "<group>"; };
		138FC9C617F2165D00D94C5F /* base.iPack */ = {isa = PBXFileReference; lastKnownFileType = file; name = base.iPack; path = ../../base/base.iPack; sourceTree = "<group>"; };
		138FC9C717F2165D00D94C5F /* DOOM.WAD */ = {isa = PBXFileReference; lastKnownFileType = file; name = DOOM.WAD; path = ../../base/DOOM.WAD; sourceTree = "<group>"; };
		138FC9C817F2165D00D94C5F /* prboom.wad */ = {isa = PBXFileReference; lastKnownFileType = file; name = prboom.wad; path = ../../base/prboom.wad; sourceTree = "<group>"; };
		1391CE141882E5A30049671C /* libidmobilelib.a */ = {isa = PBXFileReference; lastKnownFileType = archive.ar; name = libidmobilelib.a; path = "../../../../DerivedData/Build/Products/Debug-iphoneos/libidmobilelib.a"; sourceTree = "<group>"; };
		1391CE161882E5F40049671C /* libprboom.a */ = {isa = PBXFileReference; lastKnownFileType = archive.ar; name = libprboom.a; path = "../../../../DerivedData/Build/Products/Debug-iphoneos/libprboom.a"; sourceTree = "<group>"; };
		13E3CC5E17F236840075D40A /* GameKit.framework */ = {isa = PBXFileReference; lastKnownFileType = wrapper.framework; name = GameKit.framework; path = System/Library/Frameworks/GameKit.framework; sourceTree = SDKROOT; };
		1D6058910D05DD3D006BFB54 /* Doom.app */ = {isa = PBXFileReference; explicitFileType = wrapper.application; includeInIndex = 0; path = Doom.app; sourceTree = BUILT_PRODUCTS_DIR; };
		29B97316FDCFA39411CA2CEA /* main.m */ = {isa = PBXFileReference; fileEncoding = 4; lastKnownFileType = sourcecode.c.objc; path = main.m; sourceTree = "<group>"; };
		3DF31F85148C30F100C66CD7 /* doomengine.xcodeproj */ = {isa = PBXFileReference; lastKnownFileType = "wrapper.pb-project"; name = doomengine.xcodeproj; path = ../../../common/ios/doomengine.xcodeproj; sourceTree = "<group>"; };
		4333CCE70F5CC23E00AE2B6F /* AudioToolbox.framework */ = {isa = PBXFileReference; lastKnownFileType = wrapper.framework; name = AudioToolbox.framework; path = /System/Library/Frameworks/AudioToolbox.framework; sourceTree = "<absolute>"; };
		434669A30F8D08C000EA7D6D /* doom_Prefix.pch */ = {isa = PBXFileReference; fileEncoding = 4; lastKnownFileType = sourcecode.c.h; path = doom_Prefix.pch; sourceTree = "<group>"; };
		4364BF3E0F5CB25900F29317 /* dist.plist */ = {isa = PBXFileReference; fileEncoding = 4; lastKnownFileType = text.plist.xml; path = dist.plist; sourceTree = "<group>"; };
		43E8D4DF0F51B48B003F09B2 /* OpenAL.framework */ = {isa = PBXFileReference; lastKnownFileType = wrapper.framework; name = OpenAL.framework; path = /System/Library/Frameworks/OpenAL.framework; sourceTree = "<absolute>"; };
		720EBBAD0F82E0BB003F989A /* QuartzCore.framework */ = {isa = PBXFileReference; lastKnownFileType = wrapper.framework; name = QuartzCore.framework; path = /System/Library/Frameworks/QuartzCore.framework; sourceTree = "<absolute>"; };
		8D1107310486CEB800E47090 /* Info.plist */ = {isa = PBXFileReference; fileEncoding = 4; lastKnownFileType = text.plist.xml; path = Info.plist; sourceTree = "<group>"; };
		C8012E4E14B5122700B0E213 /* MainMenuViewController.h */ = {isa = PBXFileReference; fileEncoding = 4; lastKnownFileType = sourcecode.c.h; path = MainMenuViewController.h; sourceTree = "<group>"; };
		C8012E4F14B5122700B0E213 /* MainMenuViewController.mm */ = {isa = PBXFileReference; fileEncoding = 4; lastKnownFileType = sourcecode.cpp.objcpp; path = MainMenuViewController.mm; sourceTree = "<group>"; };
		C8012E5014B5122700B0E213 /* MainMenuView.xib */ = {isa = PBXFileReference; fileEncoding = 4; lastKnownFileType = file.xib; path = MainMenuView.xib; sourceTree = "<group>"; };
		C8012E6B14B6389B00B0E213 /* EpisodeMenuViewController.h */ = {isa = PBXFileReference; fileEncoding = 4; lastKnownFileType = sourcecode.c.h; path = EpisodeMenuViewController.h; sourceTree = "<group>"; };
		C8012E6C14B6389B00B0E213 /* EpisodeMenuViewController.mm */ = {isa = PBXFileReference; fileEncoding = 4; lastKnownFileType = sourcecode.cpp.objcpp; path = EpisodeMenuViewController.mm; sourceTree = "<group>"; };
		C8012E6D14B6389B00B0E213 /* EpisodeMenuView.xib */ = {isa = PBXFileReference; fileEncoding = 4; lastKnownFileType = file.xib; path = EpisodeMenuView.xib; sourceTree = "<group>"; };
		C8012E7214B646BD00B0E213 /* OpenGLView.xib */ = {isa = PBXFileReference; fileEncoding = 4; lastKnownFileType = file.xib; path = OpenGLView.xib; sourceTree = "<group>"; };
		C8012E7514B649D900B0E213 /* CreditsMenuViewController.h */ = {isa = PBXFileReference; fileEncoding = 4; lastKnownFileType = sourcecode.c.h; path = CreditsMenuViewController.h; sourceTree = "<group>"; };
		C8012E7614B649DA00B0E213 /* CreditsMenuViewController.mm */ = {isa = PBXFileReference; fileEncoding = 4; lastKnownFileType = sourcecode.cpp.objcpp; path = CreditsMenuViewController.mm; sourceTree = "<group>"; };
		C8012E7714B649DA00B0E213 /* CreditsMenuView.xib */ = {isa = PBXFileReference; fileEncoding = 4; lastKnownFileType = file.xib; path = CreditsMenuView.xib; sourceTree = "<group>"; };
		C8012E7A14B6704300B0E213 /* ControlsMenuViewController.h */ = {isa = PBXFileReference; fileEncoding = 4; lastKnownFileType = sourcecode.c.h; path = ControlsMenuViewController.h; sourceTree = "<group>"; };
		C8012E7B14B6704400B0E213 /* ControlsMenuViewController.mm */ = {isa = PBXFileReference; fileEncoding = 4; lastKnownFileType = sourcecode.cpp.objcpp; path = ControlsMenuViewController.mm; sourceTree = "<group>"; };
		C8012E7C14B6704400B0E213 /* ControlsMenuView.xib */ = {isa = PBXFileReference; fileEncoding = 4; lastKnownFileType = file.xib; path = ControlsMenuView.xib; sourceTree = "<group>"; };
		C8012E7F14B6709B00B0E213 /* SettingsMenuViewController.h */ = {isa = PBXFileReference; fileEncoding = 4; lastKnownFileType = sourcecode.c.h; path = SettingsMenuViewController.h; sourceTree = "<group>"; };
		C8012E8014B6709B00B0E213 /* SettingsMenuViewController.mm */ = {isa = PBXFileReference; fileEncoding = 4; lastKnownFileType = sourcecode.cpp.objcpp; path = SettingsMenuViewController.mm; sourceTree = "<group>"; };
		C8012E8114B6709C00B0E213 /* SettingsMenuView.xib */ = {isa = PBXFileReference; fileEncoding = 4; lastKnownFileType = file.xib; path = SettingsMenuView.xib; sourceTree = "<group>"; };
		C8012E8414B6722800B0E213 /* LegalMenuViewController.h */ = {isa = PBXFileReference; fileEncoding = 4; lastKnownFileType = sourcecode.c.h; path = LegalMenuViewController.h; sourceTree = "<group>"; };
		C8012E8514B6722900B0E213 /* LegalMenuViewController.mm */ = {isa = PBXFileReference; fileEncoding = 4; lastKnownFileType = sourcecode.cpp.objcpp; path = LegalMenuViewController.mm; sourceTree = "<group>"; };
		C8012E8614B6722A00B0E213 /* LegalMenuView.xib */ = {isa = PBXFileReference; fileEncoding = 4; lastKnownFileType = file.xib; path = LegalMenuView.xib; sourceTree = "<group>"; };
		C8012E8A14B6750900B0E213 /* MissionMenuViewController.h */ = {isa = PBXFileReference; fileEncoding = 4; lastKnownFileType = sourcecode.c.h; path = MissionMenuViewController.h; sourceTree = "<group>"; };
		C8012E8B14B6750A00B0E213 /* MissionMenuViewController.mm */ = {isa = PBXFileReference; fileEncoding = 4; lastKnownFileType = sourcecode.cpp.objcpp; path = MissionMenuViewController.mm; sourceTree = "<group>"; };
		C8012E8C14B6750B00B0E213 /* MissionMenuView.xib */ = {isa = PBXFileReference; fileEncoding = 4; lastKnownFileType = file.xib; path = MissionMenuView.xib; sourceTree = "<group>"; };
		C86CA86214B4FF2B0057FF54 /* Doom_App.h */ = {isa = PBXFileReference; fileEncoding = 4; lastKnownFileType = sourcecode.c.h; path = Doom_App.h; sourceTree = "<group>"; };
		C86CA86314B4FF2B0057FF54 /* Doom_App.m */ = {isa = PBXFileReference; fileEncoding = 4; lastKnownFileType = sourcecode.c.objc; path = Doom_App.m; sourceTree = "<group>"; };
		C8AEB0DC1A7AD73500A5ED1B /* GameController.framework */ = {isa = PBXFileReference; lastKnownFileType = wrapper.framework; name = GameController.framework; path = System/Library/Frameworks/GameController.framework; sourceTree = SDKROOT; };
		C8DB8A5114BB88AC0006467C /* ControlsMenuView~ipad.xib */ = {isa = PBXFileReference; fileEncoding = 4; lastKnownFileType = file.xib; path = "ControlsMenuView~ipad.xib"; sourceTree = "<group>"; };
		C8DB8A5214BB88AC0006467C /* CreditsMenuView~ipad.xib */ = {isa = PBXFileReference; fileEncoding = 4; lastKnownFileType = file.xib; path = "CreditsMenuView~ipad.xib"; sourceTree = "<group>"; };
		C8DB8A5314BB88AC0006467C /* EpisodeMenuView~ipad.xib */ = {isa = PBXFileReference; fileEncoding = 4; lastKnownFileType = file.xib; path = "EpisodeMenuView~ipad.xib"; sourceTree = "<group>"; };
		C8DB8A5414BB88AC0006467C /* LegalMenuView~ipad.xib */ = {isa = PBXFileReference; fileEncoding = 4; lastKnownFileType = file.xib; path = "LegalMenuView~ipad.xib"; sourceTree = "<group>"; };
		C8DB8A5514BB88AC0006467C /* MainMenuView~ipad.xib */ = {isa = PBXFileReference; fileEncoding = 4; lastKnownFileType = file.xib; path = "MainMenuView~ipad.xib"; sourceTree = "<group>"; };
		C8DB8A5614BB88AC0006467C /* MissionMenuView~ipad.xib */ = {isa = PBXFileReference; fileEncoding = 4; lastKnownFileType = file.xib; path = "MissionMenuView~ipad.xib"; sourceTree = "<group>"; };
		C8DB8A5714BB88AC0006467C /* OpenGLView~ipad.xib */ = {isa = PBXFileReference; fileEncoding = 4; lastKnownFileType = file.xib; path = "OpenGLView~ipad.xib"; sourceTree = "<group>"; };
		C8DB8A5814BB88AC0006467C /* SettingsMenuView~ipad.xib */ = {isa = PBXFileReference; fileEncoding = 4; lastKnownFileType = file.xib; path = "SettingsMenuView~ipad.xib"; sourceTree = "<group>"; };
		D217F8731ABD3BEC00AA4A36 /* GameMenuView~ipad.xib */ = {isa = PBXFileReference; fileEncoding = 4; lastKnownFileType = file.xib; path = "GameMenuView~ipad.xib"; sourceTree = "<group>"; };
		D217F8811ABE953C00AA4A36 /* GameMenuView.xib */ = {isa = PBXFileReference; fileEncoding = 4; lastKnownFileType = file.xib; path = GameMenuView.xib; sourceTree = "<group>"; };
		D250C9981ABCAB8900355330 /* GameMenuViewi5.xib */ = {isa = PBXFileReference; fileEncoding = 4; lastKnownFileType = file.xib; path = GameMenuViewi5.xib; sourceTree = "<group>"; };
		D250C99A1ABCAD6600355330 /* GameMenuViewController.mm */ = {isa = PBXFileReference; fileEncoding = 4; lastKnownFileType = sourcecode.cpp.objcpp; path = GameMenuViewController.mm; sourceTree = "<group>"; };
		D250C99C1ABCAD9C00355330 /* GameMenuViewController.h */ = {isa = PBXFileReference; fileEncoding = 4; lastKnownFileType = sourcecode.c.h; path = GameMenuViewController.h; sourceTree = "<group>"; };
		D250C9A81ABD893D00355330 /* DOOM2.WAD */ = {isa = PBXFileReference; lastKnownFileType = file; name = DOOM2.WAD; path = ../../base/DOOM2.WAD; sourceTree = "<group>"; };
		D250C9AA1ABD896700355330 /* PLUTONIA.WAD */ = {isa = PBXFileReference; lastKnownFileType = file; name = PLUTONIA.WAD; path = ../../base/PLUTONIA.WAD; sourceTree = "<group>"; };
		D250C9AB1ABD896700355330 /* TNT.WAD */ = {isa = PBXFileReference; lastKnownFileType = file; name = TNT.WAD; path = ../../base/TNT.WAD; sourceTree = "<group>"; };
		D2A788061ABC331500947D31 /* de */ = {isa = PBXFileReference; lastKnownFileType = text.plist.strings; name = de; path = Localizable.strings; sourceTree = "<group>"; };
		D2A788091ABC331500947D31 /* en */ = {isa = PBXFileReference; lastKnownFileType = text.plist.strings; name = en; path = Localizable.strings; sourceTree = "<group>"; };
		D2A7880C1ABC331500947D31 /* es */ = {isa = PBXFileReference; lastKnownFileType = text.plist.strings; name = es; path = Localizable.strings; sourceTree = "<group>"; };
		D2A7880F1ABC331500947D31 /* fr */ = {isa = PBXFileReference; lastKnownFileType = text.plist.strings; name = fr; path = Localizable.strings; sourceTree = "<group>"; };
		D2A788121ABC331500947D31 /* it */ = {isa = PBXFileReference; lastKnownFileType = text.plist.strings; name = it; path = Localizable.strings; sourceTree = "<group>"; };
		D2B96E801ABC268C00179F75 /* AdvancedButton_Highlighted.png */ = {isa = PBXFileReference; lastKnownFileType = image.png; path = AdvancedButton_Highlighted.png; sourceTree = "<group>"; };
		D2B96E821ABC268C00179F75 /* AdvancedButton.png */ = {isa = PBXFileReference; lastKnownFileType = image.png; path = AdvancedButton.png; sourceTree = "<group>"; };
		D2B96E831ABC268C00179F75 /* BackButton_Highlighted.png */ = {isa = PBXFileReference; lastKnownFileType = image.png; path = BackButton_Highlighted.png; sourceTree = "<group>"; };
		D2B96E841ABC268C00179F75 /* BackButton.png */ = {isa = PBXFileReference; lastKnownFileType = image.png; path = BackButton.png; sourceTree = "<group>"; };
		D2B96E851ABC268C00179F75 /* Button_Highlighted.png */ = {isa = PBXFileReference; lastKnownFileType = image.png; path = Button_Highlighted.png; sourceTree = "<group>"; };
		D2B96E861ABC268C00179F75 /* Button.png */ = {isa = PBXFileReference; lastKnownFileType = image.png; path = Button.png; sourceTree = "<group>"; };
		D2B96E871ABC268C00179F75 /* Default-568h@2x.png */ = {isa = PBXFileReference; lastKnownFileType = image.png; path = "Default-568h@2x.png"; sourceTree = "<group>"; };
		D2B96E881ABC268C00179F75 /* Default-Landscape~ipad.png */ = {isa = PBXFileReference; lastKnownFileType = image.png; path = "Default-Landscape~ipad.png"; sourceTree = "<group>"; };
		D2B96E891ABC268C00179F75 /* Default-Portrait~ipad.png */ = {isa = PBXFileReference; lastKnownFileType = image.png; path = "Default-Portrait~ipad.png"; sourceTree = "<group>"; };
		D2B96E8A1ABC268C00179F75 /* Default.png */ = {isa = PBXFileReference; lastKnownFileType = image.png; path = Default.png; sourceTree = "<group>"; };
		D2B96E8B1ABC268C00179F75 /* Default@2x.png */ = {isa = PBXFileReference; lastKnownFileType = image.png; path = "Default@2x.png"; sourceTree = "<group>"; };
		D2B96E8C1ABC268C00179F75 /* Default~ipad.png */ = {isa = PBXFileReference; lastKnownFileType = image.png; path = "Default~ipad.png"; sourceTree = "<group>"; };
		D2B96E8D1ABC268C00179F75 /* DifficultyBackground.png */ = {isa = PBXFileReference; lastKnownFileType = image.png; path = DifficultyBackground.png; sourceTree = "<group>"; };
		D2B96E8E1ABC268C00179F75 /* Divide.png */ = {isa = PBXFileReference; lastKnownFileType = image.png; path = Divide.png; sourceTree = "<group>"; };
		D2B96E8F1ABC268C00179F75 /* DOOM_57.png */ = {isa = PBXFileReference; lastKnownFileType = image.png; path = DOOM_57.png; sourceTree = "<group>"; };
		D2B96E901ABC268C00179F75 /* DOOM_72.png */ = {isa = PBXFileReference; lastKnownFileType = image.png; path = DOOM_72.png; sourceTree = "<group>"; };
		D2B96E911ABC268C00179F75 /* DOOM_76.png */ = {isa = PBXFileReference; lastKnownFileType = image.png; path = DOOM_76.png; sourceTree = "<group>"; };
		D2B96E921ABC268C00179F75 /* DOOM_114.png */ = {isa = PBXFileReference; lastKnownFileType = image.png; path = DOOM_114.png; sourceTree = "<group>"; };
		D2B96E931ABC268C00179F75 /* DOOM_120.png */ = {isa = PBXFileReference; lastKnownFileType = image.png; path = DOOM_120.png; sourceTree = "<group>"; };
		D2B96E941ABC268C00179F75 /* DOOM_144.png */ = {isa = PBXFileReference; lastKnownFileType = image.png; path = DOOM_144.png; sourceTree = "<group>"; };
		D2B96E951ABC268C00179F75 /* DOOM_152.png */ = {isa = PBXFileReference; lastKnownFileType = image.png; path = DOOM_152.png; sourceTree = "<group>"; };
		D2B96E961ABC268C00179F75 /* DOOM_sigil_decal.png */ = {isa = PBXFileReference; lastKnownFileType = image.png; path = DOOM_sigil_decal.png; sourceTree = "<group>"; };
		D2B96E971ABC268C00179F75 /* DoomLogo.png */ = {isa = PBXFileReference; lastKnownFileType = image.png; path = DoomLogo.png; sourceTree = "<group>"; };
		D2B96E981ABC268C00179F75 /* DownArrow_Highlighted.png */ = {isa = PBXFileReference; lastKnownFileType = image.png; path = DownArrow_Highlighted.png; sourceTree = "<group>"; };
		D2B96E991ABC268C00179F75 /* DownArrow.png */ = {isa = PBXFileReference; lastKnownFileType = image.png; path = DownArrow.png; sourceTree = "<group>"; };
		D2B96E9A1ABC268C00179F75 /* Easy.png */ = {isa = PBXFileReference; lastKnownFileType = image.png; path = Easy.png; sourceTree = "<group>"; };
		D2B96E9B1ABC268C00179F75 /* Episode1Background_Highlighted.png */ = {isa = PBXFileReference; lastKnownFileType = image.png; path = Episode1Background_Highlighted.png; sourceTree = "<group>"; };
		D2B96E9C1ABC268C00179F75 /* Episode1Background.png */ = {isa = PBXFileReference; lastKnownFileType = image.png; path = Episode1Background.png; sourceTree = "<group>"; };
		D2B96E9D1ABC268C00179F75 /* Episode2Background_Highlighted.png */ = {isa = PBXFileReference; lastKnownFileType = image.png; path = Episode2Background_Highlighted.png; sourceTree = "<group>"; };
		D2B96E9E1ABC268C00179F75 /* Episode2Background.png */ = {isa = PBXFileReference; lastKnownFileType = image.png; path = Episode2Background.png; sourceTree = "<group>"; };
		D2B96E9F1ABC268C00179F75 /* Episode3Background_Highlighted.png */ = {isa = PBXFileReference; lastKnownFileType = image.png; path = Episode3Background_Highlighted.png; sourceTree = "<group>"; };
		D2B96EA01ABC268C00179F75 /* Episode3Background.png */ = {isa = PBXFileReference; lastKnownFileType = image.png; path = Episode3Background.png; sourceTree = "<group>"; };
		D2B96EA11ABC268C00179F75 /* Episode4Background_Highlighted.png */ = {isa = PBXFileReference; lastKnownFileType = image.png; path = Episode4Background_Highlighted.png; sourceTree = "<group>"; };
		D2B96EA21ABC268C00179F75 /* Episode4Background.png */ = {isa = PBXFileReference; lastKnownFileType = image.png; path = Episode4Background.png; sourceTree = "<group>"; };
		D2B96EA31ABC268C00179F75 /* Hard.png */ = {isa = PBXFileReference; lastKnownFileType = image.png; path = Hard.png; sourceTree = "<group>"; };
		D2B96EA41ABC268C00179F75 /* LayoutDualButton_Highlighted.png */ = {isa = PBXFileReference; lastKnownFileType = image.png; path = LayoutDualButton_Highlighted.png; sourceTree = "<group>"; };
		D2B96EA51ABC268C00179F75 /* LayoutDualButton.png */ = {isa = PBXFileReference; lastKnownFileType = image.png; path = LayoutDualButton.png; sourceTree = "<group>"; };
		D2B96EA61ABC268C00179F75 /* LayoutSingleButton_Highlighted.png */ = {isa = PBXFileReference; lastKnownFileType = image.png; path = LayoutSingleButton_Highlighted.png; sourceTree = "<group>"; };
		D2B96EA71ABC268C00179F75 /* LayoutSingleButton.png */ = {isa = PBXFileReference; lastKnownFileType = image.png; path = LayoutSingleButton.png; sourceTree = "<group>"; };
		D2B96EA81ABC268C00179F75 /* LayoutWheelButton_Highlighted.png */ = {isa = PBXFileReference; lastKnownFileType = image.png; path = LayoutWheelButton_Highlighted.png; sourceTree = "<group>"; };
		D2B96EA91ABC268C00179F75 /* LayoutWheelButton.png */ = {isa = PBXFileReference; lastKnownFileType = image.png; path = LayoutWheelButton.png; sourceTree = "<group>"; };
		D2B96EAA1ABC268C00179F75 /* MapOverlay.png */ = {isa = PBXFileReference; lastKnownFileType = image.png; path = MapOverlay.png; sourceTree = "<group>"; };
		D2B96EAB1ABC268C00179F75 /* Medium.png */ = {isa = PBXFileReference; lastKnownFileType = image.png; path = Medium.png; sourceTree = "<group>"; };
		D2B96EAC1ABC268C00179F75 /* MenuBackground.png */ = {isa = PBXFileReference; lastKnownFileType = image.png; path = MenuBackground.png; sourceTree = "<group>"; };
		D2B96EAD1ABC268C00179F75 /* MissonBackground.png */ = {isa = PBXFileReference; lastKnownFileType = image.png; path = MissonBackground.png; sourceTree = "<group>"; };
		D2B96EAE1ABC268C00179F75 /* NextButton_Highlighted.png */ = {isa = PBXFileReference; lastKnownFileType = image.png; path = NextButton_Highlighted.png; sourceTree = "<group>"; };
		D2B96EAF1ABC268C00179F75 /* NextButton.png */ = {isa = PBXFileReference; lastKnownFileType = image.png; path = NextButton.png; sourceTree = "<group>"; };
		D2B96EB01ABC268C00179F75 /* Nightmare.png */ = {isa = PBXFileReference; lastKnownFileType = image.png; path = Nightmare.png; sourceTree = "<group>"; };
		D2B96EB11ABC268C00179F75 /* ResumeButton.png */ = {isa = PBXFileReference; lastKnownFileType = image.png; path = ResumeButton.png; sourceTree = "<group>"; };
		D2B96EB21ABC268C00179F75 /* SelectedBracket.png */ = {isa = PBXFileReference; lastKnownFileType = image.png; path = SelectedBracket.png; sourceTree = "<group>"; };
		D2B96EB31ABC268C00179F75 /* SettingsButton_Highlighted.png */ = {isa = PBXFileReference; lastKnownFileType = image.png; path = SettingsButton_Highlighted.png; sourceTree = "<group>"; };
		D2B96EB41ABC268C00179F75 /* SettingsButton.png */ = {isa = PBXFileReference; lastKnownFileType = image.png; path = SettingsButton.png; sourceTree = "<group>"; };
		D2B96EB51ABC268C00179F75 /* SliderSkull.png */ = {isa = PBXFileReference; lastKnownFileType = image.png; path = SliderSkull.png; sourceTree = "<group>"; };
		D2B96EB61ABC268C00179F75 /* SliderSkull@2x.png */ = {isa = PBXFileReference; lastKnownFileType = image.png; path = "SliderSkull@2x.png"; sourceTree = "<group>"; };
		D2B96EB71ABC268C00179F75 /* SliderSkull~ipad.png */ = {isa = PBXFileReference; lastKnownFileType = image.png; path = "SliderSkull~ipad.png"; sourceTree = "<group>"; };
		D2B96EB81ABC268C00179F75 /* SubMenuBackground.png */ = {isa = PBXFileReference; lastKnownFileType = image.png; path = SubMenuBackground.png; sourceTree = "<group>"; };
		D2B96EB91ABC268C00179F75 /* SubMenuButton_Highlighted.png */ = {isa = PBXFileReference; lastKnownFileType = image.png; path = SubMenuButton_Highlighted.png; sourceTree = "<group>"; };
		D2B96EBA1ABC268C00179F75 /* SubMenuButton.png */ = {isa = PBXFileReference; lastKnownFileType = image.png; path = SubMenuButton.png; sourceTree = "<group>"; };
		D2B96EBB1ABC268C00179F75 /* UpArrow_Highlighted.png */ = {isa = PBXFileReference; lastKnownFileType = image.png; path = UpArrow_Highlighted.png; sourceTree = "<group>"; };
		D2B96EBC1ABC268C00179F75 /* UpArrow.png */ = {isa = PBXFileReference; lastKnownFileType = image.png; path = UpArrow.png; sourceTree = "<group>"; };
		D2B96EFA1ABC26D700179F75 /* idGinzaNar-Md2.otf */ = {isa = PBXFileReference; lastKnownFileType = file; path = "idGinzaNar-Md2.otf"; sourceTree = "<group>"; };
		EDD2760411C2B19E004A9B9B /* CoreGraphics.framework */ = {isa = PBXFileReference; lastKnownFileType = wrapper.framework; name = CoreGraphics.framework; path = System/Library/Frameworks/CoreGraphics.framework; sourceTree = SDKROOT; };
		EDD2760611C2B19E004A9B9B /* Foundation.framework */ = {isa = PBXFileReference; lastKnownFileType = wrapper.framework; name = Foundation.framework; path = System/Library/Frameworks/Foundation.framework; sourceTree = SDKROOT; };
		EDD2760811C2B19E004A9B9B /* OpenGLES.framework */ = {isa = PBXFileReference; lastKnownFileType = wrapper.framework; name = OpenGLES.framework; path = System/Library/Frameworks/OpenGLES.framework; sourceTree = SDKROOT; };
		EDD2760A11C2B19E004A9B9B /* UIKit.framework */ = {isa = PBXFileReference; lastKnownFileType = wrapper.framework; name = UIKit.framework; path = System/Library/Frameworks/UIKit.framework; sourceTree = SDKROOT; };
/* End PBXFileReference section */

/* Begin PBXFrameworksBuildPhase section */
		1D60588F0D05DD3D006BFB54 /* Frameworks */ = {
			isa = PBXFrameworksBuildPhase;
			buildActionMask = 2147483647;
			files = (
				C8AEB0DD1A7AD73500A5ED1B /* GameController.framework in Frameworks */,
				1391CE171882E5F40049671C /* libprboom.a in Frameworks */,
				1391CE151882E5A30049671C /* libidmobilelib.a in Frameworks */,
				13E3CC5F17F236840075D40A /* GameKit.framework in Frameworks */,
				3DF31FA3148C336400C66CD7 /* libdoomengine.a in Frameworks */,
				43E8D4E00F51B48B003F09B2 /* OpenAL.framework in Frameworks */,
				4333CCE80F5CC23E00AE2B6F /* AudioToolbox.framework in Frameworks */,
				720EBBAE0F82E0BB003F989A /* QuartzCore.framework in Frameworks */,
				EDD2760511C2B19E004A9B9B /* CoreGraphics.framework in Frameworks */,
				EDD2760711C2B19E004A9B9B /* Foundation.framework in Frameworks */,
				EDD2760911C2B19E004A9B9B /* OpenGLES.framework in Frameworks */,
				EDD2760B11C2B19E004A9B9B /* UIKit.framework in Frameworks */,
			);
			runOnlyForDeploymentPostprocessing = 0;
		};
/* End PBXFrameworksBuildPhase section */

/* Begin PBXGroup section */
		132AC2D61802F12200884E11 /* iPhone4Inch */ = {
			isa = PBXGroup;
			children = (
				D250C9981ABCAB8900355330 /* GameMenuViewi5.xib */,
				132AC2D71802F15C00884E11 /* ControlsMenuViewi5.xib */,
				132AC2D81802F15C00884E11 /* CreditsMenuViewi5.xib */,
				132AC2D91802F15C00884E11 /* EpisodeMenuViewi5.xib */,
				132AC2DA1802F15C00884E11 /* LegalMenuViewi5.xib */,
				132AC2DB1802F15C00884E11 /* MainMenuViewi5.xib */,
				132AC2DC1802F15C00884E11 /* MissionMenuViewi5.xib */,
				132AC2DD1802F15C00884E11 /* OpenGLViewi5.xib */,
				132AC2DE1802F15C00884E11 /* SettingsMenuViewi5.xib */,
			);
			name = iPhone4Inch;
			sourceTree = "<group>";
		};
		19C28FACFE9D520D11CA2CBB /* Products */ = {
			isa = PBXGroup;
			children = (
				1D6058910D05DD3D006BFB54 /* Doom.app */,
				4364BF3E0F5CB25900F29317 /* dist.plist */,
			);
			name = Products;
			sourceTree = "<group>";
		};
		29B97314FDCFA39411CA2CEA /* CustomTemplate */ = {
			isa = PBXGroup;
			children = (
				3DF31F85148C30F100C66CD7 /* doomengine.xcodeproj */,
				29B97315FDCFA39411CA2CEA /* Source */,
				29B97317FDCFA39411CA2CEA /* App Resources */,
				29B97323FDCFA39411CA2CEA /* Frameworks */,
				19C28FACFE9D520D11CA2CBB /* Products */,
			);
			name = CustomTemplate;
			sourceTree = "<group>";
		};
		29B97315FDCFA39411CA2CEA /* Source */ = {
			isa = PBXGroup;
			children = (
				C86CA85E14B4F5CC0057FF54 /* Doom */,
				C86F965213D615BB0069B7B6 /* Interface Builder */,
			);
			name = Source;
			sourceTree = "<group>";
		};
		29B97317FDCFA39411CA2CEA /* App Resources */ = {
			isa = PBXGroup;
			children = (
				D250C9AA1ABD896700355330 /* PLUTONIA.WAD */,
				D250C9AB1ABD896700355330 /* TNT.WAD */,
				D250C9A81ABD893D00355330 /* DOOM2.WAD */,
				D2A788041ABC331500947D31 /* de.lproj */,
				D2A788071ABC331500947D31 /* en.lproj */,
				D2A7880A1ABC331500947D31 /* es.lproj */,
				D2A7880D1ABC331500947D31 /* fr.lproj */,
				D2A788101ABC331500947D31 /* it.lproj */,
				138FC9C617F2165D00D94C5F /* base.iPack */,
				138FC9C717F2165D00D94C5F /* DOOM.WAD */,
				138FC9C817F2165D00D94C5F /* prboom.wad */,
				C86CA86714B502C90057FF54 /* Icons & Defaults */,
				C86CA86114B4FD230057FF54 /* Menus */,
				C84F820613D73D28006D01AB /* Images */,
				8D1107310486CEB800E47090 /* Info.plist */,
			);
			name = "App Resources";
			sourceTree = "<group>";
		};
		29B97323FDCFA39411CA2CEA /* Frameworks */ = {
			isa = PBXGroup;
			children = (
				C8AEB0DC1A7AD73500A5ED1B /* GameController.framework */,
				1391CE161882E5F40049671C /* libprboom.a */,
				1391CE141882E5A30049671C /* libidmobilelib.a */,
				13E3CC5E17F236840075D40A /* GameKit.framework */,
				4333CCE70F5CC23E00AE2B6F /* AudioToolbox.framework */,
				EDD2760411C2B19E004A9B9B /* CoreGraphics.framework */,
				EDD2760611C2B19E004A9B9B /* Foundation.framework */,
				43E8D4DF0F51B48B003F09B2 /* OpenAL.framework */,
				EDD2760811C2B19E004A9B9B /* OpenGLES.framework */,
				720EBBAD0F82E0BB003F989A /* QuartzCore.framework */,
				EDD2760A11C2B19E004A9B9B /* UIKit.framework */,
			);
			name = Frameworks;
			sourceTree = "<group>";
		};
		3DF31F86148C30F100C66CD7 /* Products */ = {
			isa = PBXGroup;
			children = (
				3DF31F8A148C30F100C66CD7 /* libdoomengine.a */,
			);
			name = Products;
			sourceTree = "<group>";
		};
		C8012E4B14B510BA00B0E213 /* iPhone */ = {
			isa = PBXGroup;
			children = (
				D217F8811ABE953C00AA4A36 /* GameMenuView.xib */,
				C8012E8C14B6750B00B0E213 /* MissionMenuView.xib */,
				C8012E8614B6722A00B0E213 /* LegalMenuView.xib */,
				C8012E8114B6709C00B0E213 /* SettingsMenuView.xib */,
				C8012E7C14B6704400B0E213 /* ControlsMenuView.xib */,
				C8012E7714B649DA00B0E213 /* CreditsMenuView.xib */,
				C8012E6D14B6389B00B0E213 /* EpisodeMenuView.xib */,
				C8012E5014B5122700B0E213 /* MainMenuView.xib */,
				C8012E7214B646BD00B0E213 /* OpenGLView.xib */,
			);
			name = iPhone;
			sourceTree = "<group>";
		};
		C8012E4C14B510C600B0E213 /* iPad */ = {
			isa = PBXGroup;
			children = (
				D217F8731ABD3BEC00AA4A36 /* GameMenuView~ipad.xib */,
				C8DB8A5114BB88AC0006467C /* ControlsMenuView~ipad.xib */,
				C8DB8A5214BB88AC0006467C /* CreditsMenuView~ipad.xib */,
				C8DB8A5314BB88AC0006467C /* EpisodeMenuView~ipad.xib */,
				C8DB8A5414BB88AC0006467C /* LegalMenuView~ipad.xib */,
				C8DB8A5514BB88AC0006467C /* MainMenuView~ipad.xib */,
				C8DB8A5614BB88AC0006467C /* MissionMenuView~ipad.xib */,
				C8DB8A5714BB88AC0006467C /* OpenGLView~ipad.xib */,
				C8DB8A5814BB88AC0006467C /* SettingsMenuView~ipad.xib */,
			);
			name = iPad;
			sourceTree = "<group>";
		};
		C84F820613D73D28006D01AB /* Images */ = {
			isa = PBXGroup;
			children = (
			);
			name = Images;
			sourceTree = "<group>";
		};
		C86CA85E14B4F5CC0057FF54 /* Doom */ = {
			isa = PBXGroup;
			children = (
				138FC9B917F0813400D94C5F /* doom_wads.cpp */,
				138FC9BA17F0813400D94C5F /* doom_wads.h */,
				434669A30F8D08C000EA7D6D /* doom_Prefix.pch */,
				C86CA86214B4FF2B0057FF54 /* Doom_App.h */,
				C86CA86314B4FF2B0057FF54 /* Doom_App.m */,
				29B97316FDCFA39411CA2CEA /* main.m */,
			);
			name = Doom;
			sourceTree = "<group>";
		};
		C86CA86114B4FD230057FF54 /* Menus */ = {
			isa = PBXGroup;
			children = (
				132AC2D61802F12200884E11 /* iPhone4Inch */,
				C8012E4C14B510C600B0E213 /* iPad */,
				C8012E4B14B510BA00B0E213 /* iPhone */,
			);
			name = Menus;
			sourceTree = "<group>";
		};
		C86CA86514B501620057FF54 /* View Controllers */ = {
			isa = PBXGroup;
			children = (
				C8DB88F814BB5FA40006467C /* About menus */,
				C8DB88F714BB5F940006467C /* Setting menus */,
				C8DB88F614BB5F840006467C /* Play menus */,
				C8012E4E14B5122700B0E213 /* MainMenuViewController.h */,
				C8012E4F14B5122700B0E213 /* MainMenuViewController.mm */,
			);
			name = "View Controllers";
			sourceTree = "<group>";
		};
		C86CA86714B502C90057FF54 /* Icons & Defaults */ = {
			isa = PBXGroup;
			children = (
				D2B96EFA1ABC26D700179F75 /* idGinzaNar-Md2.otf */,
				D2B96E801ABC268C00179F75 /* AdvancedButton_Highlighted.png */,
				D2B96E821ABC268C00179F75 /* AdvancedButton.png */,
				D2B96E831ABC268C00179F75 /* BackButton_Highlighted.png */,
				D2B96E841ABC268C00179F75 /* BackButton.png */,
				D2B96E851ABC268C00179F75 /* Button_Highlighted.png */,
				D2B96E861ABC268C00179F75 /* Button.png */,
				D2B96E871ABC268C00179F75 /* Default-568h@2x.png */,
				D2B96E881ABC268C00179F75 /* Default-Landscape~ipad.png */,
				D2B96E891ABC268C00179F75 /* Default-Portrait~ipad.png */,
				D2B96E8A1ABC268C00179F75 /* Default.png */,
				D2B96E8B1ABC268C00179F75 /* Default@2x.png */,
				D2B96E8C1ABC268C00179F75 /* Default~ipad.png */,
				D2B96E8D1ABC268C00179F75 /* DifficultyBackground.png */,
				D2B96E8E1ABC268C00179F75 /* Divide.png */,
				D2B96E8F1ABC268C00179F75 /* DOOM_57.png */,
				D2B96E901ABC268C00179F75 /* DOOM_72.png */,
				D2B96E911ABC268C00179F75 /* DOOM_76.png */,
				D2B96E921ABC268C00179F75 /* DOOM_114.png */,
				D2B96E931ABC268C00179F75 /* DOOM_120.png */,
				D2B96E941ABC268C00179F75 /* DOOM_144.png */,
				D2B96E951ABC268C00179F75 /* DOOM_152.png */,
				D2B96E961ABC268C00179F75 /* DOOM_sigil_decal.png */,
				D2B96E971ABC268C00179F75 /* DoomLogo.png */,
				D2B96E981ABC268C00179F75 /* DownArrow_Highlighted.png */,
				D2B96E991ABC268C00179F75 /* DownArrow.png */,
				D2B96E9A1ABC268C00179F75 /* Easy.png */,
				D2B96E9B1ABC268C00179F75 /* Episode1Background_Highlighted.png */,
				D2B96E9C1ABC268C00179F75 /* Episode1Background.png */,
				D2B96E9D1ABC268C00179F75 /* Episode2Background_Highlighted.png */,
				D2B96E9E1ABC268C00179F75 /* Episode2Background.png */,
				D2B96E9F1ABC268C00179F75 /* Episode3Background_Highlighted.png */,
				D2B96EA01ABC268C00179F75 /* Episode3Background.png */,
				D2B96EA11ABC268C00179F75 /* Episode4Background_Highlighted.png */,
				D2B96EA21ABC268C00179F75 /* Episode4Background.png */,
				D2B96EA31ABC268C00179F75 /* Hard.png */,
				D2B96EA41ABC268C00179F75 /* LayoutDualButton_Highlighted.png */,
				D2B96EA51ABC268C00179F75 /* LayoutDualButton.png */,
				D2B96EA61ABC268C00179F75 /* LayoutSingleButton_Highlighted.png */,
				D2B96EA71ABC268C00179F75 /* LayoutSingleButton.png */,
				D2B96EA81ABC268C00179F75 /* LayoutWheelButton_Highlighted.png */,
				D2B96EA91ABC268C00179F75 /* LayoutWheelButton.png */,
				D2B96EAA1ABC268C00179F75 /* MapOverlay.png */,
				D2B96EAB1ABC268C00179F75 /* Medium.png */,
				D2B96EAC1ABC268C00179F75 /* MenuBackground.png */,
				D2B96EAD1ABC268C00179F75 /* MissonBackground.png */,
				D2B96EAE1ABC268C00179F75 /* NextButton_Highlighted.png */,
				D2B96EAF1ABC268C00179F75 /* NextButton.png */,
				D2B96EB01ABC268C00179F75 /* Nightmare.png */,
				D2B96EB11ABC268C00179F75 /* ResumeButton.png */,
				D2B96EB21ABC268C00179F75 /* SelectedBracket.png */,
				D2B96EB31ABC268C00179F75 /* SettingsButton_Highlighted.png */,
				D2B96EB41ABC268C00179F75 /* SettingsButton.png */,
				D2B96EB51ABC268C00179F75 /* SliderSkull.png */,
				D2B96EB61ABC268C00179F75 /* SliderSkull@2x.png */,
				D2B96EB71ABC268C00179F75 /* SliderSkull~ipad.png */,
				D2B96EB81ABC268C00179F75 /* SubMenuBackground.png */,
				D2B96EB91ABC268C00179F75 /* SubMenuButton_Highlighted.png */,
				D2B96EBA1ABC268C00179F75 /* SubMenuButton.png */,
				D2B96EBB1ABC268C00179F75 /* UpArrow_Highlighted.png */,
				D2B96EBC1ABC268C00179F75 /* UpArrow.png */,
			);
			name = "Icons & Defaults";
			sourceTree = "<group>";
		};
		C86F965213D615BB0069B7B6 /* Interface Builder */ = {
			isa = PBXGroup;
			children = (
				C86CA86514B501620057FF54 /* View Controllers */,
				133F3E6E17F21C8700A12635 /* MainNavController.h */,
				133F3E6F17F21C8700A12635 /* MainNavController.m */,
			);
			name = "Interface Builder";
			sourceTree = "<group>";
		};
		C8DB88F614BB5F840006467C /* Play menus */ = {
			isa = PBXGroup;
			children = (
				C8012E6B14B6389B00B0E213 /* EpisodeMenuViewController.h */,
				C8012E6C14B6389B00B0E213 /* EpisodeMenuViewController.mm */,
				C8012E8A14B6750900B0E213 /* MissionMenuViewController.h */,
				C8012E8B14B6750A00B0E213 /* MissionMenuViewController.mm */,
				D250C99A1ABCAD6600355330 /* GameMenuViewController.mm */,
				D250C99C1ABCAD9C00355330 /* GameMenuViewController.h */,
			);
			name = "Play menus";
			sourceTree = "<group>";
		};
		C8DB88F714BB5F940006467C /* Setting menus */ = {
			isa = PBXGroup;
			children = (
				C8012E7A14B6704300B0E213 /* ControlsMenuViewController.h */,
				C8012E7B14B6704400B0E213 /* ControlsMenuViewController.mm */,
				C8012E7F14B6709B00B0E213 /* SettingsMenuViewController.h */,
				C8012E8014B6709B00B0E213 /* SettingsMenuViewController.mm */,
			);
			name = "Setting menus";
			sourceTree = "<group>";
		};
		C8DB88F814BB5FA40006467C /* About menus */ = {
			isa = PBXGroup;
			children = (
				C8012E7514B649D900B0E213 /* CreditsMenuViewController.h */,
				C8012E7614B649DA00B0E213 /* CreditsMenuViewController.mm */,
				C8012E8414B6722800B0E213 /* LegalMenuViewController.h */,
				C8012E8514B6722900B0E213 /* LegalMenuViewController.mm */,
			);
			name = "About menus";
			sourceTree = "<group>";
		};
		D2A788041ABC331500947D31 /* de.lproj */ = {
			isa = PBXGroup;
			children = (
				D2A788051ABC331500947D31 /* Localizable.strings */,
			);
			path = de.lproj;
			sourceTree = "<group>";
		};
		D2A788071ABC331500947D31 /* en.lproj */ = {
			isa = PBXGroup;
			children = (
				D2A788081ABC331500947D31 /* Localizable.strings */,
			);
			path = en.lproj;
			sourceTree = "<group>";
		};
		D2A7880A1ABC331500947D31 /* es.lproj */ = {
			isa = PBXGroup;
			children = (
				D2A7880B1ABC331500947D31 /* Localizable.strings */,
			);
			path = es.lproj;
			sourceTree = "<group>";
		};
		D2A7880D1ABC331500947D31 /* fr.lproj */ = {
			isa = PBXGroup;
			children = (
				D2A7880E1ABC331500947D31 /* Localizable.strings */,
			);
			path = fr.lproj;
			sourceTree = "<group>";
		};
		D2A788101ABC331500947D31 /* it.lproj */ = {
			isa = PBXGroup;
			children = (
				D2A788111ABC331500947D31 /* Localizable.strings */,
			);
			path = it.lproj;
			sourceTree = "<group>";
		};
/* End PBXGroup section */

/* Begin PBXNativeTarget section */
		1D6058900D05DD3D006BFB54 /* Doom */ = {
			isa = PBXNativeTarget;
			buildConfigurationList = 1D6058960D05DD3E006BFB54 /* Build configuration list for PBXNativeTarget "Doom" */;
			buildPhases = (
				1D60588D0D05DD3D006BFB54 /* Resources */,
				1D60588E0D05DD3D006BFB54 /* Sources */,
				1D60588F0D05DD3D006BFB54 /* Frameworks */,
				435F41A90F532CA300887552 /* ShellScript */,
			);
			buildRules = (
			);
			dependencies = (
				3DACFC1C148C591500EB17BA /* PBXTargetDependency */,
			);
			name = Doom;
			productName = Doom;
			productReference = 1D6058910D05DD3D006BFB54 /* Doom.app */;
			productType = "com.apple.product-type.application";
		};
/* End PBXNativeTarget section */

/* Begin PBXProject section */
		29B97313FDCFA39411CA2CEA /* Project object */ = {
			isa = PBXProject;
			attributes = {
				LastUpgradeCheck = 0500;
				TargetAttributes = {
					1D6058900D05DD3D006BFB54 = {
						DevelopmentTeam = JD25SHA7WV;
						SystemCapabilities = {
							com.apple.GameCenter = {
								enabled = 1;
							};
							com.apple.InAppPurchase = {
								enabled = 0;
							};
						};
					};
				};
			};
			buildConfigurationList = C01FCF4E08A954540054247B /* Build configuration list for PBXProject "Doom" */;
			compatibilityVersion = "Xcode 3.2";
			developmentRegion = English;
			hasScannedForEncodings = 1;
			knownRegions = (
				English,
				Japanese,
				French,
				German,
				fr,
				it,
				de,
				es,
				en,
			);
			mainGroup = 29B97314FDCFA39411CA2CEA /* CustomTemplate */;
			projectDirPath = "";
			projectReferences = (
				{
					ProductGroup = 3DF31F86148C30F100C66CD7 /* Products */;
					ProjectRef = 3DF31F85148C30F100C66CD7 /* doomengine.xcodeproj */;
				},
			);
			projectRoot = ../..;
			targets = (
				1D6058900D05DD3D006BFB54 /* Doom */,
			);
		};
/* End PBXProject section */

/* Begin PBXReferenceProxy section */
		3DF31F8A148C30F100C66CD7 /* libdoomengine.a */ = {
			isa = PBXReferenceProxy;
			fileType = archive.ar;
			path = libdoomengine.a;
			remoteRef = 3DF31F89148C30F100C66CD7 /* PBXContainerItemProxy */;
			sourceTree = BUILT_PRODUCTS_DIR;
		};
/* End PBXReferenceProxy section */

/* Begin PBXResourcesBuildPhase section */
		1D60588D0D05DD3D006BFB54 /* Resources */ = {
			isa = PBXResourcesBuildPhase;
			buildActionMask = 2147483647;
			files = (
				D2B96ED01ABC268C00179F75 /* DOOM_120.png in Resources */,
				D2A788151ABC331500947D31 /* Localizable.strings in Resources */,
				D2B96EDB1ABC268C00179F75 /* Episode2Background.png in Resources */,
				D2B96ED61ABC268C00179F75 /* DownArrow.png in Resources */,
				D2B96EE31ABC268C00179F75 /* LayoutSingleButton_Highlighted.png in Resources */,
				D2B96EE11ABC268C00179F75 /* LayoutDualButton_Highlighted.png in Resources */,
				D250C9AD1ABD896700355330 /* TNT.WAD in Resources */,
				D2B96ED21ABC268C00179F75 /* DOOM_152.png in Resources */,
				D2B96EDD1ABC268C00179F75 /* Episode3Background.png in Resources */,
				D2B96EF51ABC268C00179F75 /* SubMenuBackground.png in Resources */,
				138FC9C917F216C300D94C5F /* base.iPack in Resources */,
				138FC9CA17F216C300D94C5F /* DOOM.WAD in Resources */,
				D2B96EF11ABC268C00179F75 /* SettingsButton.png in Resources */,
				D2B96ECA1ABC268C00179F75 /* DifficultyBackground.png in Resources */,
				D2A788171ABC331500947D31 /* Localizable.strings in Resources */,
				138FC9CB17F216C300D94C5F /* prboom.wad in Resources */,
				D2B96ED71ABC268C00179F75 /* Easy.png in Resources */,
				D2B96EF41ABC268C00179F75 /* SliderSkull~ipad.png in Resources */,
				4364BF3F0F5CB25900F29317 /* dist.plist in Resources */,
				D2A788141ABC331500947D31 /* Localizable.strings in Resources */,
				132AC2E51802F15C00884E11 /* OpenGLViewi5.xib in Resources */,
				D2B96EFB1ABC26D700179F75 /* idGinzaNar-Md2.otf in Resources */,
				D2B96ED81ABC268C00179F75 /* Episode1Background_Highlighted.png in Resources */,
				D2B96ECE1ABC268C00179F75 /* DOOM_76.png in Resources */,
				132AC2DF1802F15C00884E11 /* ControlsMenuViewi5.xib in Resources */,
				D2B96EC71ABC268C00179F75 /* Default.png in Resources */,
				132AC2E21802F15C00884E11 /* LegalMenuViewi5.xib in Resources */,
				132AC2E01802F15C00884E11 /* CreditsMenuViewi5.xib in Resources */,
				D2A788131ABC331500947D31 /* Localizable.strings in Resources */,
				D250C9AC1ABD896700355330 /* PLUTONIA.WAD in Resources */,
				D2B96ED31ABC268C00179F75 /* DOOM_sigil_decal.png in Resources */,
				D2B96ED11ABC268C00179F75 /* DOOM_144.png in Resources */,
				D2B96EC21ABC268C00179F75 /* Button_Highlighted.png in Resources */,
				D2B96EDE1ABC268C00179F75 /* Episode4Background_Highlighted.png in Resources */,
				132AC2E31802F15C00884E11 /* MainMenuViewi5.xib in Resources */,
				D2B96EF31ABC268C00179F75 /* SliderSkull@2x.png in Resources */,
				132AC2E11802F15C00884E11 /* EpisodeMenuViewi5.xib in Resources */,
				D2A788161ABC331500947D31 /* Localizable.strings in Resources */,
				D2B96EF61ABC268C00179F75 /* SubMenuButton_Highlighted.png in Resources */,
				D2B96EF21ABC268C00179F75 /* SliderSkull.png in Resources */,
				D2B96ED91ABC268C00179F75 /* Episode1Background.png in Resources */,
				D2B96EC11ABC268C00179F75 /* BackButton.png in Resources */,
				C8012E5214B5122700B0E213 /* MainMenuView.xib in Resources */,
				D2B96ECD1ABC268C00179F75 /* DOOM_72.png in Resources */,
				D217F8741ABD3BEC00AA4A36 /* GameMenuView~ipad.xib in Resources */,
				D2B96ED51ABC268C00179F75 /* DownArrow_Highlighted.png in Resources */,
				D2B96EEE1ABC268C00179F75 /* ResumeButton.png in Resources */,
				C8012E6F14B6389B00B0E213 /* EpisodeMenuView.xib in Resources */,
				D2B96EE51ABC268C00179F75 /* LayoutWheelButton_Highlighted.png in Resources */,
				D2B96ECF1ABC268C00179F75 /* DOOM_114.png in Resources */,
				D2B96ECB1ABC268C00179F75 /* Divide.png in Resources */,
				D2B96EC91ABC268C00179F75 /* Default~ipad.png in Resources */,
				D2B96EE61ABC268C00179F75 /* LayoutWheelButton.png in Resources */,
				C8012E7414B646BD00B0E213 /* OpenGLView.xib in Resources */,
				D2B96EED1ABC268C00179F75 /* Nightmare.png in Resources */,
				D2B96EDC1ABC268C00179F75 /* Episode3Background_Highlighted.png in Resources */,
				C8012E7914B649DB00B0E213 /* CreditsMenuView.xib in Resources */,
				C8012E7E14B6704500B0E213 /* ControlsMenuView.xib in Resources */,
				D2B96EF71ABC268C00179F75 /* SubMenuButton.png in Resources */,
				C8012E8314B6709C00B0E213 /* SettingsMenuView.xib in Resources */,
				D2B96EE41ABC268C00179F75 /* LayoutSingleButton.png in Resources */,
				C8012E8814B6722B00B0E213 /* LegalMenuView.xib in Resources */,
				C8012E8E14B6750D00B0E213 /* MissionMenuView.xib in Resources */,
				132AC2E41802F15C00884E11 /* MissionMenuViewi5.xib in Resources */,
				132AC2E61802F15C00884E11 /* SettingsMenuViewi5.xib in Resources */,
				C8DB8A5914BB88AC0006467C /* ControlsMenuView~ipad.xib in Resources */,
				D250C9991ABCAB8900355330 /* GameMenuViewi5.xib in Resources */,
				D2B96EDA1ABC268C00179F75 /* Episode2Background_Highlighted.png in Resources */,
				C8DB8A5A14BB88AC0006467C /* CreditsMenuView~ipad.xib in Resources */,
				D2B96EC31ABC268C00179F75 /* Button.png in Resources */,
				D2B96EEC1ABC268C00179F75 /* NextButton.png in Resources */,
				D2B96EF91ABC268C00179F75 /* UpArrow.png in Resources */,
				D2B96EBD1ABC268C00179F75 /* AdvancedButton_Highlighted.png in Resources */,
				D2B96EBF1ABC268C00179F75 /* AdvancedButton.png in Resources */,
				C8DB8A5B14BB88AC0006467C /* EpisodeMenuView~ipad.xib in Resources */,
				D2B96EC41ABC268C00179F75 /* Default-568h@2x.png in Resources */,
				D2B96EF81ABC268C00179F75 /* UpArrow_Highlighted.png in Resources */,
				D2B96EC01ABC268C00179F75 /* BackButton_Highlighted.png in Resources */,
				D2B96EC81ABC268C00179F75 /* Default@2x.png in Resources */,
				C8DB8A5C14BB88AC0006467C /* LegalMenuView~ipad.xib in Resources */,
				D2B96EF01ABC268C00179F75 /* SettingsButton_Highlighted.png in Resources */,
				D2B96EE21ABC268C00179F75 /* LayoutDualButton.png in Resources */,
				D2B96EE71ABC268C00179F75 /* MapOverlay.png in Resources */,
				D217F8821ABE953C00AA4A36 /* GameMenuView.xib in Resources */,
				D2B96EC51ABC268C00179F75 /* Default-Landscape~ipad.png in Resources */,
				D2B96EC61ABC268C00179F75 /* Default-Portrait~ipad.png in Resources */,
				C8DB8A5D14BB88AC0006467C /* MainMenuView~ipad.xib in Resources */,
				D2B96ED41ABC268C00179F75 /* DoomLogo.png in Resources */,
				D2B96EEF1ABC268C00179F75 /* SelectedBracket.png in Resources */,
				D250C9A91ABD893D00355330 /* DOOM2.WAD in Resources */,
				D2B96EE01ABC268C00179F75 /* Hard.png in Resources */,
				D2B96EDF1ABC268C00179F75 /* Episode4Background.png in Resources */,
				D2B96ECC1ABC268C00179F75 /* DOOM_57.png in Resources */,
				C8DB8A5E14BB88AC0006467C /* MissionMenuView~ipad.xib in Resources */,
				C8DB8A5F14BB88AC0006467C /* OpenGLView~ipad.xib in Resources */,
				D2B96EEB1ABC268C00179F75 /* NextButton_Highlighted.png in Resources */,
				D2B96EEA1ABC268C00179F75 /* MissonBackground.png in Resources */,
				D2B96EE81ABC268C00179F75 /* Medium.png in Resources */,
				C8DB8A6014BB88AC0006467C /* SettingsMenuView~ipad.xib in Resources */,
				D2B96EE91ABC268C00179F75 /* MenuBackground.png in Resources */,
			);
			runOnlyForDeploymentPostprocessing = 0;
		};
/* End PBXResourcesBuildPhase section */

/* Begin PBXShellScriptBuildPhase section */
		435F41A90F532CA300887552 /* ShellScript */ = {
			isa = PBXShellScriptBuildPhase;
			buildActionMask = 2147483647;
			files = (
			);
			inputPaths = (
			);
			outputPaths = (
			);
			runOnlyForDeploymentPostprocessing = 0;
			shellPath = "/bin/sh -x";
			shellScript = "
";
		};
/* End PBXShellScriptBuildPhase section */

/* Begin PBXSourcesBuildPhase section */
		1D60588E0D05DD3D006BFB54 /* Sources */ = {
			isa = PBXSourcesBuildPhase;
			buildActionMask = 2147483647;
			files = (
				1D60589B0D05DD56006BFB54 /* main.m in Sources */,
				C86CA86414B4FF2B0057FF54 /* Doom_App.m in Sources */,
				C8012E5114B5122700B0E213 /* MainMenuViewController.mm in Sources */,
				C8012E6E14B6389B00B0E213 /* EpisodeMenuViewController.mm in Sources */,
				C8012E7814B649DB00B0E213 /* CreditsMenuViewController.mm in Sources */,
				D250C99B1ABCAD6600355330 /* GameMenuViewController.mm in Sources */,
				133F3E7017F21C8700A12635 /* MainNavController.m in Sources */,
				138FC9BB17F0813400D94C5F /* doom_wads.cpp in Sources */,
				C8012E7D14B6704500B0E213 /* ControlsMenuViewController.mm in Sources */,
				C8012E8214B6709C00B0E213 /* SettingsMenuViewController.mm in Sources */,
				C8012E8714B6722B00B0E213 /* LegalMenuViewController.mm in Sources */,
				C8012E8D14B6750D00B0E213 /* MissionMenuViewController.mm in Sources */,
			);
			runOnlyForDeploymentPostprocessing = 0;
		};
/* End PBXSourcesBuildPhase section */

/* Begin PBXTargetDependency section */
		3DACFC1C148C591500EB17BA /* PBXTargetDependency */ = {
			isa = PBXTargetDependency;
			name = doomengine;
			targetProxy = 3DACFC1B148C591500EB17BA /* PBXContainerItemProxy */;
		};
/* End PBXTargetDependency section */

/* Begin PBXVariantGroup section */
		D2A788051ABC331500947D31 /* Localizable.strings */ = {
			isa = PBXVariantGroup;
			children = (
				D2A788061ABC331500947D31 /* de */,
			);
			name = Localizable.strings;
			sourceTree = "<group>";
		};
		D2A788081ABC331500947D31 /* Localizable.strings */ = {
			isa = PBXVariantGroup;
			children = (
				D2A788091ABC331500947D31 /* en */,
			);
			name = Localizable.strings;
			sourceTree = "<group>";
		};
		D2A7880B1ABC331500947D31 /* Localizable.strings */ = {
			isa = PBXVariantGroup;
			children = (
				D2A7880C1ABC331500947D31 /* es */,
			);
			name = Localizable.strings;
			sourceTree = "<group>";
		};
		D2A7880E1ABC331500947D31 /* Localizable.strings */ = {
			isa = PBXVariantGroup;
			children = (
				D2A7880F1ABC331500947D31 /* fr */,
			);
			name = Localizable.strings;
			sourceTree = "<group>";
		};
		D2A788111ABC331500947D31 /* Localizable.strings */ = {
			isa = PBXVariantGroup;
			children = (
				D2A788121ABC331500947D31 /* it */,
			);
			name = Localizable.strings;
			sourceTree = "<group>";
		};
/* End PBXVariantGroup section */

/* Begin XCBuildConfiguration section */
		1D6058940D05DD3E006BFB54 /* Debug */ = {
			isa = XCBuildConfiguration;
			buildSettings = {
				ALWAYS_SEARCH_USER_PATHS = NO;
				ARCHS = "$(ARCHS_STANDARD_32_BIT)";
				CLANG_CXX_LIBRARY = "libstdc++";
				CODE_SIGN_IDENTITY = "iPhone Developer";
				"CODE_SIGN_IDENTITY[sdk=iphoneos*]" = "iPhone Developer";
				COPY_PHASE_STRIP = NO;
				GCC_DYNAMIC_NO_PIC = NO;
				GCC_OPTIMIZATION_LEVEL = 0;
				GCC_PRECOMPILE_PREFIX_HEADER = YES;
				GCC_PREFIX_HEADER = doom_Prefix.pch;
				GCC_PREPROCESSOR_DEFINITIONS = (
					_DEBUG,
					HAVE_CONFIG_H,
					IPHONE,
				);
				GCC_THUMB_SUPPORT = NO;
				GCC_TREAT_WARNINGS_AS_ERRORS = NO;
				HEADER_SEARCH_PATHS = "";
				INFOPLIST_FILE = Info.plist;
				IPHONEOS_DEPLOYMENT_TARGET = 8.2;
				LIBRARY_SEARCH_PATHS = (
					"$(inherited)",
					"/Work/DerivedData/Build/Products/Debug-iphoneos",
				);
				PROFILE_PREFIX = com.idsoftware;
				PROVISIONING_PROFILE = "";
				"PROVISIONING_PROFILE[sdk=iphoneos*]" = "";
				SDKROOT = iphoneos;
				TARGETED_DEVICE_FAMILY = "1,2";
				USER_HEADER_SEARCH_PATHS = "../../../common/ios/doomengine ../../../common ../../../common/idmobilelib";
				VALID_ARCHS = "armv7 armv7s";
			};
			name = Debug;
		};
		1D6058950D05DD3E006BFB54 /* Release */ = {
			isa = XCBuildConfiguration;
			buildSettings = {
				ALWAYS_SEARCH_USER_PATHS = NO;
				ARCHS = "$(ARCHS_STANDARD_32_BIT)";
				CLANG_CXX_LIBRARY = "libstdc++";
				CODE_SIGN_IDENTITY = "iPhone Developer";
				"CODE_SIGN_IDENTITY[sdk=iphoneos*]" = "iPhone Developer";
				COPY_PHASE_STRIP = YES;
				GCC_PRECOMPILE_PREFIX_HEADER = YES;
				GCC_PREFIX_HEADER = doom_Prefix.pch;
				GCC_PREPROCESSOR_DEFINITIONS = (
					HAVE_CONFIG_H,
					IPHONE,
				);
				GCC_THUMB_SUPPORT = NO;
				GCC_TREAT_WARNINGS_AS_ERRORS = NO;
				HEADER_SEARCH_PATHS = "";
				INFOPLIST_FILE = Info.plist;
				IPHONEOS_DEPLOYMENT_TARGET = 8.2;
				LIBRARY_SEARCH_PATHS = (
					"$(inherited)",
					"/Work/DerivedData/Build/Products/Debug-iphoneos",
				);
				PROFILE_PREFIX = com.idsoftware;
				PROVISIONING_PROFILE = "";
				"PROVISIONING_PROFILE[sdk=iphoneos*]" = "";
				SDKROOT = iphoneos;
				TARGETED_DEVICE_FAMILY = "1,2";
				USER_HEADER_SEARCH_PATHS = "../../../common/ios/doomengine ../../../common ../../../common/idmobilelib";
				VALID_ARCHS = "armv7 armv7s";
			};
			name = Release;
		};
		4364BF480F5CB27300F29317 /* AdHocDist */ = {
			isa = XCBuildConfiguration;
			buildSettings = {
				CLANG_CXX_LANGUAGE_STANDARD = "c++0x";
				CLANG_WARN_DEPRECATED_OBJC_IMPLEMENTATIONS = YES;
				CLANG_WARN_IMPLICIT_SIGN_CONVERSION = YES;
				CLANG_WARN_OBJCPP_ARC_ABI = YES;
				CLANG_WARN_OBJC_IMPLICIT_ATOMIC_PROPERTIES = YES;
				CLANG_WARN_SUSPICIOUS_IMPLICIT_CONVERSION = YES;
				CODE_SIGN_ENTITLEMENTS = dist.plist;
				CODE_SIGN_IDENTITY = "iPhone Distribution";
				"CODE_SIGN_IDENTITY[sdk=iphoneos*]" = "iPhone Distribution";
				GCC_C_LANGUAGE_STANDARD = c99;
				GCC_PREPROCESSOR_DEFINITIONS = NDEBUG;
				GCC_THUMB_SUPPORT = NO;
				GCC_TREAT_IMPLICIT_FUNCTION_DECLARATIONS_AS_ERRORS = YES;
				GCC_TREAT_INCOMPATIBLE_POINTER_TYPE_WARNINGS_AS_ERRORS = YES;
				GCC_TREAT_WARNINGS_AS_ERRORS = YES;
				GCC_WARN_64_TO_32_BIT_CONVERSION = YES;
				GCC_WARN_ABOUT_MISSING_FIELD_INITIALIZERS = YES;
				GCC_WARN_ABOUT_MISSING_NEWLINE = YES;
				GCC_WARN_ABOUT_MISSING_PROTOTYPES = YES;
				GCC_WARN_ABOUT_RETURN_TYPE = YES;
				GCC_WARN_FOUR_CHARACTER_CONSTANTS = YES;
				GCC_WARN_HIDDEN_VIRTUAL_FUNCTIONS = YES;
				GCC_WARN_INITIALIZER_NOT_FULLY_BRACKETED = YES;
				GCC_WARN_MULTIPLE_DEFINITION_TYPES_FOR_SELECTOR = YES;
				GCC_WARN_NON_VIRTUAL_DESTRUCTOR = YES;
				GCC_WARN_PEDANTIC = YES;
				GCC_WARN_SHADOW = YES;
				GCC_WARN_SIGN_COMPARE = YES;
				GCC_WARN_STRICT_SELECTOR_MATCH = YES;
				GCC_WARN_UNDECLARED_SELECTOR = YES;
				GCC_WARN_UNINITIALIZED_AUTOS = YES;
				GCC_WARN_UNKNOWN_PRAGMAS = YES;
				GCC_WARN_UNUSED_FUNCTION = YES;
				GCC_WARN_UNUSED_LABEL = YES;
				GCC_WARN_UNUSED_PARAMETER = YES;
				GCC_WARN_UNUSED_VARIABLE = YES;
				INFOPLIST_FILE = Info.plist;
				IPHONEOS_DEPLOYMENT_TARGET = 8.2;
				MACOSX_DEPLOYMENT_TARGET = "";
				PRODUCT_NAME = Doom;
				PROVISIONING_PROFILE = "";
				"PROVISIONING_PROFILE[sdk=iphoneos*]" = "";
				SDKROOT = iphoneos;
				USER_HEADER_SEARCH_PATHS = "../../../common/ios/doomengine ../../../common ../../../../idTechM/idTechM/shared/idmobilelib";
				WARNING_CFLAGS = (
					"-Wall",
					"-Wextra",
					"-pedantic-errors",
				);
			};
			name = AdHocDist;
		};
		4364BF490F5CB27300F29317 /* AdHocDist */ = {
			isa = XCBuildConfiguration;
			buildSettings = {
				ALWAYS_SEARCH_USER_PATHS = NO;
				ARCHS = "$(ARCHS_STANDARD_32_BIT)";
				CLANG_CXX_LIBRARY = "libstdc++";
				CODE_SIGN_IDENTITY = "iPhone Developer";
				"CODE_SIGN_IDENTITY[sdk=iphoneos*]" = "iPhone Developer";
				COPY_PHASE_STRIP = YES;
				GCC_PRECOMPILE_PREFIX_HEADER = YES;
				GCC_PREFIX_HEADER = doom_Prefix.pch;
				GCC_PREPROCESSOR_DEFINITIONS = (
					HAVE_CONFIG_H,
					IPHONE,
				);
				GCC_THUMB_SUPPORT = NO;
				GCC_TREAT_WARNINGS_AS_ERRORS = NO;
				HEADER_SEARCH_PATHS = "";
				INFOPLIST_FILE = Info.plist;
				IPHONEOS_DEPLOYMENT_TARGET = 8.2;
				LIBRARY_SEARCH_PATHS = (
					"$(inherited)",
					"/Work/DerivedData/Build/Products/Debug-iphoneos",
				);
				PROFILE_PREFIX = com.idsoftware;
				PROVISIONING_PROFILE = "";
				"PROVISIONING_PROFILE[sdk=iphoneos*]" = "";
				SDKROOT = iphoneos;
				TARGETED_DEVICE_FAMILY = "1,2";
				USER_HEADER_SEARCH_PATHS = "../../../common/ios/doomengine ../../../common ../../../common/idmobilelib";
				VALID_ARCHS = "armv7 armv7s";
			};
			name = AdHocDist;
		};
		C01FCF4F08A954540054247B /* Debug */ = {
			isa = XCBuildConfiguration;
			buildSettings = {
				CLANG_CXX_LANGUAGE_STANDARD = "c++0x";
				CLANG_WARN_DEPRECATED_OBJC_IMPLEMENTATIONS = YES;
				CLANG_WARN_IMPLICIT_SIGN_CONVERSION = YES;
				CLANG_WARN_OBJCPP_ARC_ABI = YES;
				CLANG_WARN_OBJC_IMPLICIT_ATOMIC_PROPERTIES = YES;
				CLANG_WARN_SUSPICIOUS_IMPLICIT_CONVERSION = YES;
				CODE_SIGN_IDENTITY = "iPhone Developer";
				"CODE_SIGN_IDENTITY[sdk=iphoneos*]" = "iPhone Developer";
				GCC_C_LANGUAGE_STANDARD = c99;
				GCC_PREPROCESSOR_DEFINITIONS = "HAVE_CONFIG_H=1";
				GCC_THUMB_SUPPORT = NO;
				GCC_TREAT_IMPLICIT_FUNCTION_DECLARATIONS_AS_ERRORS = YES;
				GCC_TREAT_INCOMPATIBLE_POINTER_TYPE_WARNINGS_AS_ERRORS = YES;
				GCC_TREAT_WARNINGS_AS_ERRORS = YES;
				GCC_WARN_64_TO_32_BIT_CONVERSION = YES;
				GCC_WARN_ABOUT_MISSING_FIELD_INITIALIZERS = YES;
				GCC_WARN_ABOUT_MISSING_NEWLINE = YES;
				GCC_WARN_ABOUT_MISSING_PROTOTYPES = YES;
				GCC_WARN_ABOUT_RETURN_TYPE = YES;
				GCC_WARN_FOUR_CHARACTER_CONSTANTS = YES;
				GCC_WARN_HIDDEN_VIRTUAL_FUNCTIONS = YES;
				GCC_WARN_INITIALIZER_NOT_FULLY_BRACKETED = YES;
				GCC_WARN_MULTIPLE_DEFINITION_TYPES_FOR_SELECTOR = YES;
				GCC_WARN_NON_VIRTUAL_DESTRUCTOR = YES;
				GCC_WARN_PEDANTIC = YES;
				GCC_WARN_SHADOW = YES;
				GCC_WARN_SIGN_COMPARE = YES;
				GCC_WARN_STRICT_SELECTOR_MATCH = YES;
				GCC_WARN_UNDECLARED_SELECTOR = YES;
				GCC_WARN_UNINITIALIZED_AUTOS = YES;
				GCC_WARN_UNKNOWN_PRAGMAS = YES;
				GCC_WARN_UNUSED_FUNCTION = YES;
				GCC_WARN_UNUSED_LABEL = YES;
				GCC_WARN_UNUSED_PARAMETER = YES;
				GCC_WARN_UNUSED_VARIABLE = YES;
				INFOPLIST_FILE = Info.plist;
				IPHONEOS_DEPLOYMENT_TARGET = 8.2;
				MACOSX_DEPLOYMENT_TARGET = "";
				ONLY_ACTIVE_ARCH = YES;
				PRODUCT_NAME = Doom;
				PROVISIONING_PROFILE = "";
				"PROVISIONING_PROFILE[sdk=iphoneos*]" = "";
				SDKROOT = iphoneos;
				USER_HEADER_SEARCH_PATHS = "../../../common/ios/doomengine ../../../common ../../../../idTechM/idTechM/shared/idmobilelib";
				WARNING_CFLAGS = (
					"-Wall",
					"-Wextra",
					"-pedantic-errors",
				);
			};
			name = Debug;
		};
		C01FCF5008A954540054247B /* Release */ = {
			isa = XCBuildConfiguration;
			buildSettings = {
				CLANG_CXX_LANGUAGE_STANDARD = "c++0x";
				CLANG_WARN_DEPRECATED_OBJC_IMPLEMENTATIONS = YES;
				CLANG_WARN_IMPLICIT_SIGN_CONVERSION = YES;
				CLANG_WARN_OBJCPP_ARC_ABI = YES;
				CLANG_WARN_OBJC_IMPLICIT_ATOMIC_PROPERTIES = YES;
				CLANG_WARN_SUSPICIOUS_IMPLICIT_CONVERSION = YES;
				CODE_SIGN_IDENTITY = "iPhone Developer";
				"CODE_SIGN_IDENTITY[sdk=iphoneos*]" = "iPhone Developer";
				GCC_C_LANGUAGE_STANDARD = c99;
				GCC_PREPROCESSOR_DEFINITIONS = (
					HAVE_CONFIG_H,
					NDEBUG,
				);
				GCC_THUMB_SUPPORT = NO;
				GCC_TREAT_IMPLICIT_FUNCTION_DECLARATIONS_AS_ERRORS = YES;
				GCC_TREAT_INCOMPATIBLE_POINTER_TYPE_WARNINGS_AS_ERRORS = YES;
				GCC_TREAT_WARNINGS_AS_ERRORS = YES;
				GCC_WARN_64_TO_32_BIT_CONVERSION = YES;
				GCC_WARN_ABOUT_MISSING_FIELD_INITIALIZERS = YES;
				GCC_WARN_ABOUT_MISSING_NEWLINE = YES;
				GCC_WARN_ABOUT_MISSING_PROTOTYPES = YES;
				GCC_WARN_ABOUT_RETURN_TYPE = YES;
				GCC_WARN_FOUR_CHARACTER_CONSTANTS = YES;
				GCC_WARN_HIDDEN_VIRTUAL_FUNCTIONS = YES;
				GCC_WARN_INITIALIZER_NOT_FULLY_BRACKETED = YES;
				GCC_WARN_MULTIPLE_DEFINITION_TYPES_FOR_SELECTOR = YES;
				GCC_WARN_NON_VIRTUAL_DESTRUCTOR = YES;
				GCC_WARN_PEDANTIC = YES;
				GCC_WARN_SHADOW = YES;
				GCC_WARN_SIGN_COMPARE = YES;
				GCC_WARN_STRICT_SELECTOR_MATCH = YES;
				GCC_WARN_UNDECLARED_SELECTOR = YES;
				GCC_WARN_UNINITIALIZED_AUTOS = YES;
				GCC_WARN_UNKNOWN_PRAGMAS = YES;
				GCC_WARN_UNUSED_FUNCTION = YES;
				GCC_WARN_UNUSED_LABEL = YES;
				GCC_WARN_UNUSED_PARAMETER = YES;
				GCC_WARN_UNUSED_VARIABLE = YES;
				INFOPLIST_FILE = Info.plist;
				IPHONEOS_DEPLOYMENT_TARGET = 8.2;
				MACOSX_DEPLOYMENT_TARGET = "";
				PRODUCT_NAME = Doom;
				PROVISIONING_PROFILE = "";
				"PROVISIONING_PROFILE[sdk=iphoneos*]" = "";
				SDKROOT = iphoneos;
				USER_HEADER_SEARCH_PATHS = "../../../common/ios/doomengine ../../../common ../../../../idTechM/idTechM/shared/idmobilelib";
				WARNING_CFLAGS = (
					"-Wall",
					"-Wextra",
					"-pedantic-errors",
				);
			};
			name = Release;
		};
		ED06595B1087C51800E5450B /* Distribution */ = {
			isa = XCBuildConfiguration;
			buildSettings = {
				CLANG_CXX_LANGUAGE_STANDARD = "c++0x";
				CLANG_WARN_DEPRECATED_OBJC_IMPLEMENTATIONS = YES;
				CLANG_WARN_IMPLICIT_SIGN_CONVERSION = YES;
				CLANG_WARN_OBJCPP_ARC_ABI = YES;
				CLANG_WARN_OBJC_IMPLICIT_ATOMIC_PROPERTIES = YES;
				CLANG_WARN_SUSPICIOUS_IMPLICIT_CONVERSION = YES;
				CODE_SIGN_IDENTITY = "iPhone Distribution: id Software";
				"CODE_SIGN_IDENTITY[sdk=iphoneos*]" = "iPhone Distribution: id Software";
				GCC_C_LANGUAGE_STANDARD = c99;
				GCC_PREPROCESSOR_DEFINITIONS = (
					HAVE_CONFIG_H,
					NDEBUG,
				);
				GCC_THUMB_SUPPORT = NO;
				GCC_TREAT_IMPLICIT_FUNCTION_DECLARATIONS_AS_ERRORS = YES;
				GCC_TREAT_INCOMPATIBLE_POINTER_TYPE_WARNINGS_AS_ERRORS = YES;
				GCC_TREAT_WARNINGS_AS_ERRORS = YES;
				GCC_WARN_64_TO_32_BIT_CONVERSION = YES;
				GCC_WARN_ABOUT_MISSING_FIELD_INITIALIZERS = YES;
				GCC_WARN_ABOUT_MISSING_NEWLINE = YES;
				GCC_WARN_ABOUT_MISSING_PROTOTYPES = YES;
				GCC_WARN_ABOUT_RETURN_TYPE = YES;
				GCC_WARN_FOUR_CHARACTER_CONSTANTS = YES;
				GCC_WARN_HIDDEN_VIRTUAL_FUNCTIONS = YES;
				GCC_WARN_INITIALIZER_NOT_FULLY_BRACKETED = YES;
				GCC_WARN_MULTIPLE_DEFINITION_TYPES_FOR_SELECTOR = YES;
				GCC_WARN_NON_VIRTUAL_DESTRUCTOR = YES;
				GCC_WARN_PEDANTIC = YES;
				GCC_WARN_SHADOW = YES;
				GCC_WARN_SIGN_COMPARE = YES;
				GCC_WARN_STRICT_SELECTOR_MATCH = YES;
				GCC_WARN_UNDECLARED_SELECTOR = YES;
				GCC_WARN_UNINITIALIZED_AUTOS = YES;
				GCC_WARN_UNKNOWN_PRAGMAS = YES;
				GCC_WARN_UNUSED_FUNCTION = YES;
				GCC_WARN_UNUSED_LABEL = YES;
				GCC_WARN_UNUSED_PARAMETER = YES;
				GCC_WARN_UNUSED_VARIABLE = YES;
				INFOPLIST_FILE = Info.plist;
				IPHONEOS_DEPLOYMENT_TARGET = 8.2;
				MACOSX_DEPLOYMENT_TARGET = "";
				PRODUCT_NAME = Doom;
				PROVISIONING_PROFILE = "31C73095-0DD9-4ABA-BB25-8D23F661F10F";
				"PROVISIONING_PROFILE[sdk=iphoneos*]" = "31C73095-0DD9-4ABA-BB25-8D23F661F10F";
				SDKROOT = iphoneos;
				USER_HEADER_SEARCH_PATHS = "../../../common/ios/doomengine ../../../common ../../../../idTechM/idTechM/shared/idmobilelib";
				WARNING_CFLAGS = (
					"-Wall",
					"-Wextra",
					"-pedantic-errors",
				);
			};
			name = Distribution;
		};
		ED06595C1087C51800E5450B /* Distribution */ = {
			isa = XCBuildConfiguration;
			buildSettings = {
				ALWAYS_SEARCH_USER_PATHS = NO;
				ARCHS = "$(ARCHS_STANDARD_32_BIT)";
				CLANG_CXX_LIBRARY = "libstdc++";
				CODE_SIGN_IDENTITY = "iPhone Developer";
				"CODE_SIGN_IDENTITY[sdk=iphoneos*]" = "iPhone Developer";
				COPY_PHASE_STRIP = YES;
				GCC_PRECOMPILE_PREFIX_HEADER = YES;
				GCC_PREFIX_HEADER = doom_Prefix.pch;
				GCC_PREPROCESSOR_DEFINITIONS = (
					HAVE_CONFIG_H,
					IPHONE,
				);
				GCC_THUMB_SUPPORT = NO;
				GCC_TREAT_WARNINGS_AS_ERRORS = NO;
				HEADER_SEARCH_PATHS = "";
				INFOPLIST_FILE = Info.plist;
				IPHONEOS_DEPLOYMENT_TARGET = 8.2;
				LIBRARY_SEARCH_PATHS = (
					"$(inherited)",
					"/Work/DerivedData/Build/Products/Debug-iphoneos",
				);
				PROFILE_PREFIX = com.idsoftware;
				PROVISIONING_PROFILE = "";
				"PROVISIONING_PROFILE[sdk=iphoneos*]" = "CF005E47-190F-43B8-B89D-59AD4EF04B31";
				SDKROOT = iphoneos;
				TARGETED_DEVICE_FAMILY = "1,2";
				USER_HEADER_SEARCH_PATHS = "../../../common/ios/doomengine ../../../common ../../../common/idmobilelib";
				VALID_ARCHS = "armv7 armv7s";
			};
			name = Distribution;
		};
/* End XCBuildConfiguration section */

/* Begin XCConfigurationList section */
		1D6058960D05DD3E006BFB54 /* Build configuration list for PBXNativeTarget "Doom" */ = {
			isa = XCConfigurationList;
			buildConfigurations = (
				1D6058940D05DD3E006BFB54 /* Debug */,
				1D6058950D05DD3E006BFB54 /* Release */,
				4364BF490F5CB27300F29317 /* AdHocDist */,
				ED06595C1087C51800E5450B /* Distribution */,
			);
			defaultConfigurationIsVisible = 0;
			defaultConfigurationName = Release;
		};
		C01FCF4E08A954540054247B /* Build configuration list for PBXProject "Doom" */ = {
			isa = XCConfigurationList;
			buildConfigurations = (
				C01FCF4F08A954540054247B /* Debug */,
				C01FCF5008A954540054247B /* Release */,
				4364BF480F5CB27300F29317 /* AdHocDist */,
				ED06595B1087C51800E5450B /* Distribution */,
			);
			defaultConfigurationIsVisible = 0;
			defaultConfigurationName = Release;
		};
/* End XCConfigurationList section */
	};
	rootObject = 29B97313FDCFA39411CA2CEA /* Project object */;
}
